// !$*UTF8*$!
{
	archiveVersion = 1;
	classes = {
	};
	objectVersion = 52;
	objects = {

/* Begin PBXBuildFile section */
		434E30AA25963BE80091BC63 /* EssentialFeed.framework in Frameworks */ = {isa = PBXBuildFile; fileRef = 434E30A025963BE80091BC63 /* EssentialFeed.framework */; };
		434E30B125963BE80091BC63 /* EssentialFeed.h in Headers */ = {isa = PBXBuildFile; fileRef = 434E30A325963BE80091BC63 /* EssentialFeed.h */; settings = {ATTRIBUTES = (Public, ); }; };
		434E30C325963CB90091BC63 /* FeedLoader.swift in Sources */ = {isa = PBXBuildFile; fileRef = 434E30C225963CB90091BC63 /* FeedLoader.swift */; };
		434E30C725963DA70091BC63 /* LoadFeedFromRemoteUseCaseTests.swift in Sources */ = {isa = PBXBuildFile; fileRef = 434E30C625963DA70091BC63 /* LoadFeedFromRemoteUseCaseTests.swift */; };
		434E30D625975A870091BC63 /* RemoteFeedLoader.swift in Sources */ = {isa = PBXBuildFile; fileRef = 434E30D525975A870091BC63 /* RemoteFeedLoader.swift */; };
		43630D2225C5AC60006CE4B3 /* FeedStoreSpecs.swift in Sources */ = {isa = PBXBuildFile; fileRef = 43630D2125C5AC60006CE4B3 /* FeedStoreSpecs.swift */; };
		43630D2A25C5ACE9006CE4B3 /* XCTestCase+FeedStoreSpecs.swift in Sources */ = {isa = PBXBuildFile; fileRef = 43630D2925C5ACE9006CE4B3 /* XCTestCase+FeedStoreSpecs.swift */; };
		43630D2F25C5B023006CE4B3 /* XCTestCase+FailableRetrieveFeedStoreSpecs.swift in Sources */ = {isa = PBXBuildFile; fileRef = 43630D2E25C5B023006CE4B3 /* XCTestCase+FailableRetrieveFeedStoreSpecs.swift */; };
		43630D3425C5B0AA006CE4B3 /* XCTestCase+FailableInsertFeedStoreSpecs.swift in Sources */ = {isa = PBXBuildFile; fileRef = 43630D3325C5B0AA006CE4B3 /* XCTestCase+FailableInsertFeedStoreSpecs.swift */; };
		43630D3C25C5B115006CE4B3 /* XCTestCase+FailableDeleteFeedStoreSpecs.swift in Sources */ = {isa = PBXBuildFile; fileRef = 43630D3B25C5B115006CE4B3 /* XCTestCase+FailableDeleteFeedStoreSpecs.swift */; };
		437931022598E496002089AF /* HTTPClient.swift in Sources */ = {isa = PBXBuildFile; fileRef = 437931012598E496002089AF /* HTTPClient.swift */; };
		437931062598E4E8002089AF /* FeedItemsMapper.swift in Sources */ = {isa = PBXBuildFile; fileRef = 437931052598E4E8002089AF /* FeedItemsMapper.swift */; };
		43ED0D7725A0BA8B000EED39 /* URLSessionHTTPClientTests.swift in Sources */ = {isa = PBXBuildFile; fileRef = 43ED0D7625A0BA8B000EED39 /* URLSessionHTTPClientTests.swift */; };
		801265CE25C7EEF200FD8DDB /* CoreDataFeedStoreTests.swift in Sources */ = {isa = PBXBuildFile; fileRef = 801265CD25C7EEF200FD8DDB /* CoreDataFeedStoreTests.swift */; };
		801265D925C7EFB800FD8DDB /* CoreDataFeedStore.swift in Sources */ = {isa = PBXBuildFile; fileRef = 801265D825C7EFB800FD8DDB /* CoreDataFeedStore.swift */; };
		801265E225C7F05A00FD8DDB /* FeedStore.xcdatamodeld in Sources */ = {isa = PBXBuildFile; fileRef = 801265E025C7F05A00FD8DDB /* FeedStore.xcdatamodeld */; };
		801265F325C7F87000FD8DDB /* CoreDataHelpers.swift in Sources */ = {isa = PBXBuildFile; fileRef = 801265F225C7F87000FD8DDB /* CoreDataHelpers.swift */; };
		801265FE25C7F8F400FD8DDB /* ManagedCache.swift in Sources */ = {isa = PBXBuildFile; fileRef = 801265FD25C7F8F400FD8DDB /* ManagedCache.swift */; };
		8012660325C7F91100FD8DDB /* ManagedFeedImage.swift in Sources */ = {isa = PBXBuildFile; fileRef = 8012660225C7F91100FD8DDB /* ManagedFeedImage.swift */; };
		801396D525C1575500E53220 /* ValidateFeedCacheUseCaseTests.swift in Sources */ = {isa = PBXBuildFile; fileRef = 801396D425C1575500E53220 /* ValidateFeedCacheUseCaseTests.swift */; };
		8021623E25C92DBB00ABE2EC /* EssentialFeedCacheIntegrationTests.swift in Sources */ = {isa = PBXBuildFile; fileRef = 8021623D25C92DBB00ABE2EC /* EssentialFeedCacheIntegrationTests.swift */; };
		8021624025C92DBB00ABE2EC /* EssentialFeed.framework in Frameworks */ = {isa = PBXBuildFile; fileRef = 434E30A025963BE80091BC63 /* EssentialFeed.framework */; };
		8021624A25C92F1800ABE2EC /* XCTestCase+MemoryLeakTracker.swift in Sources */ = {isa = PBXBuildFile; fileRef = 80CDBB6C25A201CE0016EB22 /* XCTestCase+MemoryLeakTracker.swift */; };
		8021624F25C92FD000ABE2EC /* FeedCacheTestHelpers.swift in Sources */ = {isa = PBXBuildFile; fileRef = 80FEBC4625C15AC2004A07F3 /* FeedCacheTestHelpers.swift */; };
		8021625425C92FDD00ABE2EC /* SharedTestHelpers.swift in Sources */ = {isa = PBXBuildFile; fileRef = 80FEBC4B25C15BB3004A07F3 /* SharedTestHelpers.swift */; };
		80275C4425E4DB1700BDA480 /* FeedPresenterTests.swift in Sources */ = {isa = PBXBuildFile; fileRef = 80275C4325E4DB1700BDA480 /* FeedPresenterTests.swift */; };
		80275C5225E4DE0100BDA480 /* ErrorView.swift in Sources */ = {isa = PBXBuildFile; fileRef = 80275C5125E4DE0100BDA480 /* ErrorView.swift */; };
		80275C8925E4E1E900BDA480 /* UIRefreshControl+Helpers.swift in Sources */ = {isa = PBXBuildFile; fileRef = 80275C8825E4E1E900BDA480 /* UIRefreshControl+Helpers.swift */; };
		80275CC325E4E87400BDA480 /* FeedPresenter.swift in Sources */ = {isa = PBXBuildFile; fileRef = 80275CC225E4E87400BDA480 /* FeedPresenter.swift */; };
		803D08AA259E3B5B0047D0DA /* FeedImage.swift in Sources */ = {isa = PBXBuildFile; fileRef = 434E30BD25963C360091BC63 /* FeedImage.swift */; };
		803D33CC25BCA12F00172260 /* LocalFeedLoader.swift in Sources */ = {isa = PBXBuildFile; fileRef = 803D33CB25BCA12F00172260 /* LocalFeedLoader.swift */; };
		803D33D425BCA1BA00172260 /* FeedStore.swift in Sources */ = {isa = PBXBuildFile; fileRef = 803D33D325BCA1BA00172260 /* FeedStore.swift */; };
		803D33DC25BCB0AA00172260 /* RemoteFeedItem.swift in Sources */ = {isa = PBXBuildFile; fileRef = 803D33DB25BCB0AA00172260 /* RemoteFeedItem.swift */; };
		803D33E125BCB11E00172260 /* LocalFeedImage.swift in Sources */ = {isa = PBXBuildFile; fileRef = 803D33E025BCB11E00172260 /* LocalFeedImage.swift */; };
		8041B14C25A39A30005D2D2D /* EssentialFeedAPIEndToEndTests.swift in Sources */ = {isa = PBXBuildFile; fileRef = 8041B14B25A39A30005D2D2D /* EssentialFeedAPIEndToEndTests.swift */; };
		8041B14E25A39A30005D2D2D /* EssentialFeed.framework in Frameworks */ = {isa = PBXBuildFile; fileRef = 434E30A025963BE80091BC63 /* EssentialFeed.framework */; };
		8041B15725A39FF3005D2D2D /* XCTestCase+MemoryLeakTracker.swift in Sources */ = {isa = PBXBuildFile; fileRef = 80CDBB6C25A201CE0016EB22 /* XCTestCase+MemoryLeakTracker.swift */; };
		805CCA3825D7FA9F00A10D97 /* FeedImageCell.swift in Sources */ = {isa = PBXBuildFile; fileRef = 805CCA3725D7FA9F00A10D97 /* FeedImageCell.swift */; };
		805CCA4625D822EA00A10D97 /* UIView+Shimmering.swift in Sources */ = {isa = PBXBuildFile; fileRef = 805CCA4525D822EA00A10D97 /* UIView+Shimmering.swift */; };
		8069DA9E25E2245500B944D6 /* Feed.storyboard in Resources */ = {isa = PBXBuildFile; fileRef = 8069DA9D25E2245500B944D6 /* Feed.storyboard */; };
		8069DAA625E2251700B944D6 /* Feed.xcassets in Resources */ = {isa = PBXBuildFile; fileRef = 8069DAA525E2251700B944D6 /* Feed.xcassets */; };
		8069DABA25E22D7800B944D6 /* UITableView+Dequeing.swift in Sources */ = {isa = PBXBuildFile; fileRef = 8069DAB925E22D7800B944D6 /* UITableView+Dequeing.swift */; };
		8069DAC825E22E4200B944D6 /* UIImageView+Animations.swift in Sources */ = {isa = PBXBuildFile; fileRef = 8069DAC725E22E4200B944D6 /* UIImageView+Animations.swift */; };
		806D967A25E2634A0071FCF3 /* FeedUIIntegrationTests+Localization.swift in Sources */ = {isa = PBXBuildFile; fileRef = 806D967925E2634A0071FCF3 /* FeedUIIntegrationTests+Localization.swift */; };
		806D96B825E265A80071FCF3 /* FeedLocalizationTests.swift in Sources */ = {isa = PBXBuildFile; fileRef = 806D96B725E265A80071FCF3 /* FeedLocalizationTests.swift */; };
		806D96DB25E26E160071FCF3 /* MainQueueDispatchDecorator.swift in Sources */ = {isa = PBXBuildFile; fileRef = 806D96DA25E26E160071FCF3 /* MainQueueDispatchDecorator.swift */; };
		806D96E325E26E480071FCF3 /* WeakRefVirtualProxy.swift in Sources */ = {isa = PBXBuildFile; fileRef = 806D96E225E26E480071FCF3 /* WeakRefVirtualProxy.swift */; };
		806D96EB25E26E7E0071FCF3 /* FeedImageDataLoaderPresentationAdapter.swift in Sources */ = {isa = PBXBuildFile; fileRef = 806D96EA25E26E7E0071FCF3 /* FeedImageDataLoaderPresentationAdapter.swift */; };
		806D96F925E26ED30071FCF3 /* FeedLoaderPresentationAdapter.swift in Sources */ = {isa = PBXBuildFile; fileRef = 806D96F825E26ED30071FCF3 /* FeedLoaderPresentationAdapter.swift */; };
		806D970725E26EFD0071FCF3 /* FeedViewAdapter.swift in Sources */ = {isa = PBXBuildFile; fileRef = 806D970625E26EFD0071FCF3 /* FeedViewAdapter.swift */; };
		8077388125C1CFDB00026EB9 /* FeedCachePolicy.swift in Sources */ = {isa = PBXBuildFile; fileRef = 8077388025C1CFDB00026EB9 /* FeedCachePolicy.swift */; };
		807A23FD25C086FF00C05ED2 /* LoadFeedFromCacheUseCaseTests.swift in Sources */ = {isa = PBXBuildFile; fileRef = 807A23FC25C086FF00C05ED2 /* LoadFeedFromCacheUseCaseTests.swift */; };
		807A240325C0882800C05ED2 /* FeedStoreSpy.swift in Sources */ = {isa = PBXBuildFile; fileRef = 807A240225C0882800C05ED2 /* FeedStoreSpy.swift */; };
		80879E6A25D66C95008BC52A /* FeedUIIntegrationTests.swift in Sources */ = {isa = PBXBuildFile; fileRef = 80879E6925D66C95008BC52A /* FeedUIIntegrationTests.swift */; };
		80879E7225D66E8A008BC52A /* EssentialFeed.framework in Frameworks */ = {isa = PBXBuildFile; fileRef = 434E30A025963BE80091BC63 /* EssentialFeed.framework */; platformFilter = ios; };
		80879E7D25D66F6C008BC52A /* XCTestCase+MemoryLeakTracker.swift in Sources */ = {isa = PBXBuildFile; fileRef = 80CDBB6C25A201CE0016EB22 /* XCTestCase+MemoryLeakTracker.swift */; };
		80879E9325D68460008BC52A /* FeedViewController.swift in Sources */ = {isa = PBXBuildFile; fileRef = 80879E9225D68460008BC52A /* FeedViewController.swift */; };
		808F290A25DDA202005E2F33 /* UIImage+TestHelpers.swift in Sources */ = {isa = PBXBuildFile; fileRef = 808F290925DDA202005E2F33 /* UIImage+TestHelpers.swift */; };
		808F291825DDA238005E2F33 /* UIRefreshControl+TestHelpers.swift in Sources */ = {isa = PBXBuildFile; fileRef = 808F291725DDA238005E2F33 /* UIRefreshControl+TestHelpers.swift */; };
		808F292025DDA276005E2F33 /* UIButton+TestHelpers.swift .swift in Sources */ = {isa = PBXBuildFile; fileRef = 808F291F25DDA276005E2F33 /* UIButton+TestHelpers.swift .swift */; };
		808F292E25DDA2AA005E2F33 /* UIControl+TestHelpers.swift .swift in Sources */ = {isa = PBXBuildFile; fileRef = 808F292D25DDA2AA005E2F33 /* UIControl+TestHelpers.swift .swift */; };
		808F295E25DDA366005E2F33 /* FeedViewController+TestHelpers.swift .swift in Sources */ = {isa = PBXBuildFile; fileRef = 808F295D25DDA366005E2F33 /* FeedViewController+TestHelpers.swift .swift */; };
		808F296C25DDA3B1005E2F33 /* FeedImageCell+TestHelpers.swift in Sources */ = {isa = PBXBuildFile; fileRef = 808F296B25DDA3B1005E2F33 /* FeedImageCell+TestHelpers.swift */; };
		808F297A25DDA3F2005E2F33 /* FeedUIIntegrationTests+LoaderSpy.swift .swift in Sources */ = {isa = PBXBuildFile; fileRef = 808F297925DDA3F2005E2F33 /* FeedUIIntegrationTests+LoaderSpy.swift .swift */; };
		808F298225DDA42A005E2F33 /* FeedUIIntegrationTests+Assertions.swift in Sources */ = {isa = PBXBuildFile; fileRef = 808F298125DDA42A005E2F33 /* FeedUIIntegrationTests+Assertions.swift */; };
		808F29A525DDA5C0005E2F33 /* FeedImageDataLoader.swift .swift in Sources */ = {isa = PBXBuildFile; fileRef = 808F29A425DDA5C0005E2F33 /* FeedImageDataLoader.swift .swift */; };
		808F29BB25DDAAA6005E2F33 /* FeedImageCellController.swift in Sources */ = {isa = PBXBuildFile; fileRef = 808F29BA25DDAAA6005E2F33 /* FeedImageCellController.swift */; };
		808F29CA25DDAEEE005E2F33 /* FeedUIComposer.swift in Sources */ = {isa = PBXBuildFile; fileRef = 808F29C925DDAEEE005E2F33 /* FeedUIComposer.swift */; };
		80A0806325DE5B66003B36A9 /* FeedImageViewModel.swift in Sources */ = {isa = PBXBuildFile; fileRef = 80A0806225DE5B65003B36A9 /* FeedImageViewModel.swift */; };
		80AD47B425DFA28D00C313A6 /* FeedImagePresenter.swift in Sources */ = {isa = PBXBuildFile; fileRef = 80AD47B325DFA28D00C313A6 /* FeedImagePresenter.swift */; };
		80AD563C25B6C8E60092116D /* CacheFeedUseCaseTests.swift in Sources */ = {isa = PBXBuildFile; fileRef = 80AD563B25B6C8E60092116D /* CacheFeedUseCaseTests.swift */; };
		80BAB0CB25E4E96900121495 /* Feed.strings in Resources */ = {isa = PBXBuildFile; fileRef = 80275CB225E4E76800BDA480 /* Feed.strings */; };
		80BAB0D325E4E9E000121495 /* FeedViewModel.swift in Sources */ = {isa = PBXBuildFile; fileRef = 80BAB0D225E4E9E000121495 /* FeedViewModel.swift */; };
		80BAB0DB25E4EA0800121495 /* FeedLoadingViewModel.swift in Sources */ = {isa = PBXBuildFile; fileRef = 80BAB0DA25E4EA0800121495 /* FeedLoadingViewModel.swift */; };
		80BAB0E925E4EA2D00121495 /* FeedErrorViewModel.swift in Sources */ = {isa = PBXBuildFile; fileRef = 80BAB0E825E4EA2D00121495 /* FeedErrorViewModel.swift */; };
		80BF630225D50FAC00880EBD /* EssentialFeediOS.framework in Frameworks */ = {isa = PBXBuildFile; fileRef = 80BF62F925D50FAB00880EBD /* EssentialFeediOS.framework */; };
		80CDBB6D25A201CE0016EB22 /* XCTestCase+MemoryLeakTracker.swift in Sources */ = {isa = PBXBuildFile; fileRef = 80CDBB6C25A201CE0016EB22 /* XCTestCase+MemoryLeakTracker.swift */; };
		80CDBB7325A2115D0016EB22 /* URLSessionHTTPClient.swift in Sources */ = {isa = PBXBuildFile; fileRef = 80CDBB7225A2115D0016EB22 /* URLSessionHTTPClient.swift */; };
		80FEBC4725C15AC2004A07F3 /* FeedCacheTestHelpers.swift in Sources */ = {isa = PBXBuildFile; fileRef = 80FEBC4625C15AC2004A07F3 /* FeedCacheTestHelpers.swift */; };
		80FEBC4C25C15BB3004A07F3 /* SharedTestHelpers.swift in Sources */ = {isa = PBXBuildFile; fileRef = 80FEBC4B25C15BB3004A07F3 /* SharedTestHelpers.swift */; };
/* End PBXBuildFile section */

/* Begin PBXContainerItemProxy section */
		434E30AB25963BE80091BC63 /* PBXContainerItemProxy */ = {
			isa = PBXContainerItemProxy;
			containerPortal = 434E309725963BE80091BC63 /* Project object */;
			proxyType = 1;
			remoteGlobalIDString = 434E309F25963BE80091BC63;
			remoteInfo = EssentialFeed;
		};
		8021624125C92DBB00ABE2EC /* PBXContainerItemProxy */ = {
			isa = PBXContainerItemProxy;
			containerPortal = 434E309725963BE80091BC63 /* Project object */;
			proxyType = 1;
			remoteGlobalIDString = 434E309F25963BE80091BC63;
			remoteInfo = EssentialFeed;
		};
		8041B14F25A39A30005D2D2D /* PBXContainerItemProxy */ = {
			isa = PBXContainerItemProxy;
			containerPortal = 434E309725963BE80091BC63 /* Project object */;
			proxyType = 1;
			remoteGlobalIDString = 434E309F25963BE80091BC63;
			remoteInfo = EssentialFeed;
		};
		80879E7425D66E8A008BC52A /* PBXContainerItemProxy */ = {
			isa = PBXContainerItemProxy;
			containerPortal = 434E309725963BE80091BC63 /* Project object */;
			proxyType = 1;
			remoteGlobalIDString = 434E309F25963BE80091BC63;
			remoteInfo = EssentialFeed;
		};
		80BF630325D50FAC00880EBD /* PBXContainerItemProxy */ = {
			isa = PBXContainerItemProxy;
			containerPortal = 434E309725963BE80091BC63 /* Project object */;
			proxyType = 1;
			remoteGlobalIDString = 80BF62F825D50FAB00880EBD;
			remoteInfo = EssentialFeediOS;
		};
/* End PBXContainerItemProxy section */

/* Begin PBXFileReference section */
		434E30A025963BE80091BC63 /* EssentialFeed.framework */ = {isa = PBXFileReference; explicitFileType = wrapper.framework; includeInIndex = 0; path = EssentialFeed.framework; sourceTree = BUILT_PRODUCTS_DIR; };
		434E30A325963BE80091BC63 /* EssentialFeed.h */ = {isa = PBXFileReference; lastKnownFileType = sourcecode.c.h; path = EssentialFeed.h; sourceTree = "<group>"; };
		434E30A425963BE80091BC63 /* Info.plist */ = {isa = PBXFileReference; lastKnownFileType = text.plist.xml; path = Info.plist; sourceTree = "<group>"; };
		434E30A925963BE80091BC63 /* EssentialFeedTests.xctest */ = {isa = PBXFileReference; explicitFileType = wrapper.cfbundle; includeInIndex = 0; path = EssentialFeedTests.xctest; sourceTree = BUILT_PRODUCTS_DIR; };
		434E30B025963BE80091BC63 /* Info.plist */ = {isa = PBXFileReference; lastKnownFileType = text.plist.xml; path = Info.plist; sourceTree = "<group>"; };
		434E30BD25963C360091BC63 /* FeedImage.swift */ = {isa = PBXFileReference; lastKnownFileType = sourcecode.swift; path = FeedImage.swift; sourceTree = "<group>"; };
		434E30C225963CB90091BC63 /* FeedLoader.swift */ = {isa = PBXFileReference; lastKnownFileType = sourcecode.swift; path = FeedLoader.swift; sourceTree = "<group>"; };
		434E30C625963DA70091BC63 /* LoadFeedFromRemoteUseCaseTests.swift */ = {isa = PBXFileReference; lastKnownFileType = sourcecode.swift; path = LoadFeedFromRemoteUseCaseTests.swift; sourceTree = "<group>"; };
		434E30D525975A870091BC63 /* RemoteFeedLoader.swift */ = {isa = PBXFileReference; lastKnownFileType = sourcecode.swift; path = RemoteFeedLoader.swift; sourceTree = "<group>"; };
		43630D2125C5AC60006CE4B3 /* FeedStoreSpecs.swift */ = {isa = PBXFileReference; lastKnownFileType = sourcecode.swift; path = FeedStoreSpecs.swift; sourceTree = "<group>"; };
		43630D2925C5ACE9006CE4B3 /* XCTestCase+FeedStoreSpecs.swift */ = {isa = PBXFileReference; lastKnownFileType = sourcecode.swift; path = "XCTestCase+FeedStoreSpecs.swift"; sourceTree = "<group>"; };
		43630D2E25C5B023006CE4B3 /* XCTestCase+FailableRetrieveFeedStoreSpecs.swift */ = {isa = PBXFileReference; lastKnownFileType = sourcecode.swift; path = "XCTestCase+FailableRetrieveFeedStoreSpecs.swift"; sourceTree = "<group>"; };
		43630D3325C5B0AA006CE4B3 /* XCTestCase+FailableInsertFeedStoreSpecs.swift */ = {isa = PBXFileReference; lastKnownFileType = sourcecode.swift; path = "XCTestCase+FailableInsertFeedStoreSpecs.swift"; sourceTree = "<group>"; };
		43630D3B25C5B115006CE4B3 /* XCTestCase+FailableDeleteFeedStoreSpecs.swift */ = {isa = PBXFileReference; lastKnownFileType = sourcecode.swift; path = "XCTestCase+FailableDeleteFeedStoreSpecs.swift"; sourceTree = "<group>"; };
		437931012598E496002089AF /* HTTPClient.swift */ = {isa = PBXFileReference; lastKnownFileType = sourcecode.swift; path = HTTPClient.swift; sourceTree = "<group>"; };
		437931052598E4E8002089AF /* FeedItemsMapper.swift */ = {isa = PBXFileReference; lastKnownFileType = sourcecode.swift; path = FeedItemsMapper.swift; sourceTree = "<group>"; };
		43ED0D7625A0BA8B000EED39 /* URLSessionHTTPClientTests.swift */ = {isa = PBXFileReference; lastKnownFileType = sourcecode.swift; path = URLSessionHTTPClientTests.swift; sourceTree = "<group>"; };
		801265CD25C7EEF200FD8DDB /* CoreDataFeedStoreTests.swift */ = {isa = PBXFileReference; lastKnownFileType = sourcecode.swift; path = CoreDataFeedStoreTests.swift; sourceTree = "<group>"; };
		801265D825C7EFB800FD8DDB /* CoreDataFeedStore.swift */ = {isa = PBXFileReference; lastKnownFileType = sourcecode.swift; path = CoreDataFeedStore.swift; sourceTree = "<group>"; };
		801265E125C7F05A00FD8DDB /* FeedStore.xcdatamodel */ = {isa = PBXFileReference; lastKnownFileType = wrapper.xcdatamodel; path = FeedStore.xcdatamodel; sourceTree = "<group>"; };
		801265F225C7F87000FD8DDB /* CoreDataHelpers.swift */ = {isa = PBXFileReference; lastKnownFileType = sourcecode.swift; path = CoreDataHelpers.swift; sourceTree = "<group>"; };
		801265FD25C7F8F400FD8DDB /* ManagedCache.swift */ = {isa = PBXFileReference; lastKnownFileType = sourcecode.swift; path = ManagedCache.swift; sourceTree = "<group>"; };
		8012660225C7F91100FD8DDB /* ManagedFeedImage.swift */ = {isa = PBXFileReference; lastKnownFileType = sourcecode.swift; path = ManagedFeedImage.swift; sourceTree = "<group>"; };
		801396D425C1575500E53220 /* ValidateFeedCacheUseCaseTests.swift */ = {isa = PBXFileReference; lastKnownFileType = sourcecode.swift; path = ValidateFeedCacheUseCaseTests.swift; sourceTree = "<group>"; };
		8021623B25C92DBB00ABE2EC /* EssentialFeedCacheIntegrationTests.xctest */ = {isa = PBXFileReference; explicitFileType = wrapper.cfbundle; includeInIndex = 0; path = EssentialFeedCacheIntegrationTests.xctest; sourceTree = BUILT_PRODUCTS_DIR; };
		8021623D25C92DBB00ABE2EC /* EssentialFeedCacheIntegrationTests.swift */ = {isa = PBXFileReference; lastKnownFileType = sourcecode.swift; path = EssentialFeedCacheIntegrationTests.swift; sourceTree = "<group>"; };
		8021623F25C92DBB00ABE2EC /* Info.plist */ = {isa = PBXFileReference; lastKnownFileType = text.plist.xml; path = Info.plist; sourceTree = "<group>"; };
		80275C4325E4DB1700BDA480 /* FeedPresenterTests.swift */ = {isa = PBXFileReference; lastKnownFileType = sourcecode.swift; path = FeedPresenterTests.swift; sourceTree = "<group>"; };
		80275C5125E4DE0100BDA480 /* ErrorView.swift */ = {isa = PBXFileReference; lastKnownFileType = sourcecode.swift; path = ErrorView.swift; sourceTree = "<group>"; };
		80275C8825E4E1E900BDA480 /* UIRefreshControl+Helpers.swift */ = {isa = PBXFileReference; lastKnownFileType = sourcecode.swift; path = "UIRefreshControl+Helpers.swift"; sourceTree = "<group>"; };
		80275CB125E4E76800BDA480 /* en */ = {isa = PBXFileReference; lastKnownFileType = text.plist.strings; name = en; path = en.lproj/Feed.strings; sourceTree = "<group>"; };
		80275CB925E4E76B00BDA480 /* el */ = {isa = PBXFileReference; lastKnownFileType = text.plist.strings; name = el; path = el.lproj/Feed.strings; sourceTree = "<group>"; };
		80275CBA25E4E76C00BDA480 /* pt-BR */ = {isa = PBXFileReference; lastKnownFileType = text.plist.strings; name = "pt-BR"; path = "pt-BR.lproj/Feed.strings"; sourceTree = "<group>"; };
		80275CC225E4E87400BDA480 /* FeedPresenter.swift */ = {isa = PBXFileReference; lastKnownFileType = sourcecode.swift; path = FeedPresenter.swift; sourceTree = "<group>"; };
		803D33CB25BCA12F00172260 /* LocalFeedLoader.swift */ = {isa = PBXFileReference; lastKnownFileType = sourcecode.swift; path = LocalFeedLoader.swift; sourceTree = "<group>"; };
		803D33D325BCA1BA00172260 /* FeedStore.swift */ = {isa = PBXFileReference; lastKnownFileType = sourcecode.swift; path = FeedStore.swift; sourceTree = "<group>"; };
		803D33DB25BCB0AA00172260 /* RemoteFeedItem.swift */ = {isa = PBXFileReference; lastKnownFileType = sourcecode.swift; path = RemoteFeedItem.swift; sourceTree = "<group>"; };
		803D33E025BCB11E00172260 /* LocalFeedImage.swift */ = {isa = PBXFileReference; lastKnownFileType = sourcecode.swift; path = LocalFeedImage.swift; sourceTree = "<group>"; };
		8041B14925A39A30005D2D2D /* EssentialFeedAPIEndToEndTests.xctest */ = {isa = PBXFileReference; explicitFileType = wrapper.cfbundle; includeInIndex = 0; path = EssentialFeedAPIEndToEndTests.xctest; sourceTree = BUILT_PRODUCTS_DIR; };
		8041B14B25A39A30005D2D2D /* EssentialFeedAPIEndToEndTests.swift */ = {isa = PBXFileReference; lastKnownFileType = sourcecode.swift; path = EssentialFeedAPIEndToEndTests.swift; sourceTree = "<group>"; };
		8041B14D25A39A30005D2D2D /* Info.plist */ = {isa = PBXFileReference; lastKnownFileType = text.plist.xml; path = Info.plist; sourceTree = "<group>"; };
		805CCA3725D7FA9F00A10D97 /* FeedImageCell.swift */ = {isa = PBXFileReference; lastKnownFileType = sourcecode.swift; path = FeedImageCell.swift; sourceTree = "<group>"; };
		805CCA4525D822EA00A10D97 /* UIView+Shimmering.swift */ = {isa = PBXFileReference; lastKnownFileType = sourcecode.swift; path = "UIView+Shimmering.swift"; sourceTree = "<group>"; };
		8069DA9D25E2245500B944D6 /* Feed.storyboard */ = {isa = PBXFileReference; lastKnownFileType = file.storyboard; path = Feed.storyboard; sourceTree = "<group>"; };
		8069DAA525E2251700B944D6 /* Feed.xcassets */ = {isa = PBXFileReference; lastKnownFileType = folder.assetcatalog; path = Feed.xcassets; sourceTree = "<group>"; };
		8069DAB925E22D7800B944D6 /* UITableView+Dequeing.swift */ = {isa = PBXFileReference; lastKnownFileType = sourcecode.swift; path = "UITableView+Dequeing.swift"; sourceTree = "<group>"; };
		8069DAC725E22E4200B944D6 /* UIImageView+Animations.swift */ = {isa = PBXFileReference; lastKnownFileType = sourcecode.swift; path = "UIImageView+Animations.swift"; sourceTree = "<group>"; };
		806D967925E2634A0071FCF3 /* FeedUIIntegrationTests+Localization.swift */ = {isa = PBXFileReference; lastKnownFileType = sourcecode.swift; path = "FeedUIIntegrationTests+Localization.swift"; sourceTree = "<group>"; };
		806D96B725E265A80071FCF3 /* FeedLocalizationTests.swift */ = {isa = PBXFileReference; lastKnownFileType = sourcecode.swift; path = FeedLocalizationTests.swift; sourceTree = "<group>"; };
		806D96DA25E26E160071FCF3 /* MainQueueDispatchDecorator.swift */ = {isa = PBXFileReference; lastKnownFileType = sourcecode.swift; path = MainQueueDispatchDecorator.swift; sourceTree = "<group>"; };
		806D96E225E26E480071FCF3 /* WeakRefVirtualProxy.swift */ = {isa = PBXFileReference; lastKnownFileType = sourcecode.swift; path = WeakRefVirtualProxy.swift; sourceTree = "<group>"; };
		806D96EA25E26E7E0071FCF3 /* FeedImageDataLoaderPresentationAdapter.swift */ = {isa = PBXFileReference; lastKnownFileType = sourcecode.swift; path = FeedImageDataLoaderPresentationAdapter.swift; sourceTree = "<group>"; };
		806D96F825E26ED30071FCF3 /* FeedLoaderPresentationAdapter.swift */ = {isa = PBXFileReference; lastKnownFileType = sourcecode.swift; path = FeedLoaderPresentationAdapter.swift; sourceTree = "<group>"; };
		806D970625E26EFD0071FCF3 /* FeedViewAdapter.swift */ = {isa = PBXFileReference; lastKnownFileType = sourcecode.swift; path = FeedViewAdapter.swift; sourceTree = "<group>"; };
		8077388025C1CFDB00026EB9 /* FeedCachePolicy.swift */ = {isa = PBXFileReference; lastKnownFileType = sourcecode.swift; path = FeedCachePolicy.swift; sourceTree = "<group>"; };
		807A23FC25C086FF00C05ED2 /* LoadFeedFromCacheUseCaseTests.swift */ = {isa = PBXFileReference; lastKnownFileType = sourcecode.swift; path = LoadFeedFromCacheUseCaseTests.swift; sourceTree = "<group>"; };
		807A240225C0882800C05ED2 /* FeedStoreSpy.swift */ = {isa = PBXFileReference; lastKnownFileType = sourcecode.swift; path = FeedStoreSpy.swift; sourceTree = "<group>"; };
		80879E6925D66C95008BC52A /* FeedUIIntegrationTests.swift */ = {isa = PBXFileReference; lastKnownFileType = sourcecode.swift; path = FeedUIIntegrationTests.swift; sourceTree = "<group>"; };
		80879E9225D68460008BC52A /* FeedViewController.swift */ = {isa = PBXFileReference; lastKnownFileType = sourcecode.swift; path = FeedViewController.swift; sourceTree = "<group>"; };
		808F290925DDA202005E2F33 /* UIImage+TestHelpers.swift */ = {isa = PBXFileReference; lastKnownFileType = sourcecode.swift; path = "UIImage+TestHelpers.swift"; sourceTree = "<group>"; };
		808F291725DDA238005E2F33 /* UIRefreshControl+TestHelpers.swift */ = {isa = PBXFileReference; lastKnownFileType = sourcecode.swift; path = "UIRefreshControl+TestHelpers.swift"; sourceTree = "<group>"; };
		808F291F25DDA276005E2F33 /* UIButton+TestHelpers.swift .swift */ = {isa = PBXFileReference; lastKnownFileType = sourcecode.swift; path = "UIButton+TestHelpers.swift .swift"; sourceTree = "<group>"; };
		808F292D25DDA2AA005E2F33 /* UIControl+TestHelpers.swift .swift */ = {isa = PBXFileReference; lastKnownFileType = sourcecode.swift; path = "UIControl+TestHelpers.swift .swift"; sourceTree = "<group>"; };
		808F295D25DDA366005E2F33 /* FeedViewController+TestHelpers.swift .swift */ = {isa = PBXFileReference; lastKnownFileType = sourcecode.swift; path = "FeedViewController+TestHelpers.swift .swift"; sourceTree = "<group>"; };
		808F296B25DDA3B1005E2F33 /* FeedImageCell+TestHelpers.swift */ = {isa = PBXFileReference; lastKnownFileType = sourcecode.swift; path = "FeedImageCell+TestHelpers.swift"; sourceTree = "<group>"; };
		808F297925DDA3F2005E2F33 /* FeedUIIntegrationTests+LoaderSpy.swift .swift */ = {isa = PBXFileReference; lastKnownFileType = sourcecode.swift; path = "FeedUIIntegrationTests+LoaderSpy.swift .swift"; sourceTree = "<group>"; };
		808F298125DDA42A005E2F33 /* FeedUIIntegrationTests+Assertions.swift */ = {isa = PBXFileReference; lastKnownFileType = sourcecode.swift; path = "FeedUIIntegrationTests+Assertions.swift"; sourceTree = "<group>"; };
		808F29A425DDA5C0005E2F33 /* FeedImageDataLoader.swift .swift */ = {isa = PBXFileReference; lastKnownFileType = sourcecode.swift; path = "FeedImageDataLoader.swift .swift"; sourceTree = "<group>"; };
		808F29BA25DDAAA6005E2F33 /* FeedImageCellController.swift */ = {isa = PBXFileReference; lastKnownFileType = sourcecode.swift; path = FeedImageCellController.swift; sourceTree = "<group>"; };
		808F29C925DDAEEE005E2F33 /* FeedUIComposer.swift */ = {isa = PBXFileReference; lastKnownFileType = sourcecode.swift; path = FeedUIComposer.swift; sourceTree = "<group>"; };
		80A0806225DE5B65003B36A9 /* FeedImageViewModel.swift */ = {isa = PBXFileReference; lastKnownFileType = sourcecode.swift; path = FeedImageViewModel.swift; sourceTree = "<group>"; };
		80AD47B325DFA28D00C313A6 /* FeedImagePresenter.swift */ = {isa = PBXFileReference; lastKnownFileType = sourcecode.swift; path = FeedImagePresenter.swift; sourceTree = "<group>"; };
		80AD563B25B6C8E60092116D /* CacheFeedUseCaseTests.swift */ = {isa = PBXFileReference; lastKnownFileType = sourcecode.swift; path = CacheFeedUseCaseTests.swift; sourceTree = "<group>"; };
		80BAB0D225E4E9E000121495 /* FeedViewModel.swift */ = {isa = PBXFileReference; lastKnownFileType = sourcecode.swift; path = FeedViewModel.swift; sourceTree = "<group>"; };
		80BAB0DA25E4EA0800121495 /* FeedLoadingViewModel.swift */ = {isa = PBXFileReference; lastKnownFileType = sourcecode.swift; path = FeedLoadingViewModel.swift; sourceTree = "<group>"; };
		80BAB0E825E4EA2D00121495 /* FeedErrorViewModel.swift */ = {isa = PBXFileReference; lastKnownFileType = sourcecode.swift; path = FeedErrorViewModel.swift; sourceTree = "<group>"; };
		80BF62F925D50FAB00880EBD /* EssentialFeediOS.framework */ = {isa = PBXFileReference; explicitFileType = wrapper.framework; includeInIndex = 0; path = EssentialFeediOS.framework; sourceTree = BUILT_PRODUCTS_DIR; };
		80BF62FC25D50FAB00880EBD /* Info.plist */ = {isa = PBXFileReference; lastKnownFileType = text.plist.xml; path = Info.plist; sourceTree = "<group>"; };
		80BF630125D50FAB00880EBD /* EssentialFeediOSTests.xctest */ = {isa = PBXFileReference; explicitFileType = wrapper.cfbundle; includeInIndex = 0; path = EssentialFeediOSTests.xctest; sourceTree = BUILT_PRODUCTS_DIR; };
		80BF630825D50FAC00880EBD /* Info.plist */ = {isa = PBXFileReference; lastKnownFileType = text.plist.xml; path = Info.plist; sourceTree = "<group>"; };
		80CDBB6C25A201CE0016EB22 /* XCTestCase+MemoryLeakTracker.swift */ = {isa = PBXFileReference; lastKnownFileType = sourcecode.swift; path = "XCTestCase+MemoryLeakTracker.swift"; sourceTree = "<group>"; };
		80CDBB7225A2115D0016EB22 /* URLSessionHTTPClient.swift */ = {isa = PBXFileReference; lastKnownFileType = sourcecode.swift; path = URLSessionHTTPClient.swift; sourceTree = "<group>"; };
		80FEBC4625C15AC2004A07F3 /* FeedCacheTestHelpers.swift */ = {isa = PBXFileReference; lastKnownFileType = sourcecode.swift; path = FeedCacheTestHelpers.swift; sourceTree = "<group>"; };
		80FEBC4B25C15BB3004A07F3 /* SharedTestHelpers.swift */ = {isa = PBXFileReference; lastKnownFileType = sourcecode.swift; path = SharedTestHelpers.swift; sourceTree = "<group>"; };
/* End PBXFileReference section */

/* Begin PBXFrameworksBuildPhase section */
		434E309D25963BE80091BC63 /* Frameworks */ = {
			isa = PBXFrameworksBuildPhase;
			buildActionMask = 2147483647;
			files = (
			);
			runOnlyForDeploymentPostprocessing = 0;
		};
		434E30A625963BE80091BC63 /* Frameworks */ = {
			isa = PBXFrameworksBuildPhase;
			buildActionMask = 2147483647;
			files = (
				434E30AA25963BE80091BC63 /* EssentialFeed.framework in Frameworks */,
			);
			runOnlyForDeploymentPostprocessing = 0;
		};
		8021623825C92DBB00ABE2EC /* Frameworks */ = {
			isa = PBXFrameworksBuildPhase;
			buildActionMask = 2147483647;
			files = (
				8021624025C92DBB00ABE2EC /* EssentialFeed.framework in Frameworks */,
			);
			runOnlyForDeploymentPostprocessing = 0;
		};
		8041B14625A39A30005D2D2D /* Frameworks */ = {
			isa = PBXFrameworksBuildPhase;
			buildActionMask = 2147483647;
			files = (
				8041B14E25A39A30005D2D2D /* EssentialFeed.framework in Frameworks */,
			);
			runOnlyForDeploymentPostprocessing = 0;
		};
		80BF62F625D50FAB00880EBD /* Frameworks */ = {
			isa = PBXFrameworksBuildPhase;
			buildActionMask = 2147483647;
			files = (
				80879E7225D66E8A008BC52A /* EssentialFeed.framework in Frameworks */,
			);
			runOnlyForDeploymentPostprocessing = 0;
		};
		80BF62FE25D50FAB00880EBD /* Frameworks */ = {
			isa = PBXFrameworksBuildPhase;
			buildActionMask = 2147483647;
			files = (
				80BF630225D50FAC00880EBD /* EssentialFeediOS.framework in Frameworks */,
			);
			runOnlyForDeploymentPostprocessing = 0;
		};
/* End PBXFrameworksBuildPhase section */

/* Begin PBXGroup section */
		434E309625963BE80091BC63 = {
			isa = PBXGroup;
			children = (
				434E30A225963BE80091BC63 /* EssentialFeed */,
				434E30AD25963BE80091BC63 /* EssentialFeedTests */,
				8041B14A25A39A30005D2D2D /* EssentialFeedAPIEndToEndTests */,
				8021623C25C92DBB00ABE2EC /* EssentialFeedCacheIntegrationTests */,
				80BF62FA25D50FAB00880EBD /* EssentialFeediOS */,
				80BF630525D50FAC00880EBD /* EssentialFeediOSTests */,
				434E30A125963BE80091BC63 /* Products */,
				80879E7125D66E8A008BC52A /* Frameworks */,
			);
			sourceTree = "<group>";
		};
		434E30A125963BE80091BC63 /* Products */ = {
			isa = PBXGroup;
			children = (
				434E30A025963BE80091BC63 /* EssentialFeed.framework */,
				434E30A925963BE80091BC63 /* EssentialFeedTests.xctest */,
				8041B14925A39A30005D2D2D /* EssentialFeedAPIEndToEndTests.xctest */,
				8021623B25C92DBB00ABE2EC /* EssentialFeedCacheIntegrationTests.xctest */,
				80BF62F925D50FAB00880EBD /* EssentialFeediOS.framework */,
				80BF630125D50FAB00880EBD /* EssentialFeediOSTests.xctest */,
			);
			name = Products;
			sourceTree = "<group>";
		};
		434E30A225963BE80091BC63 /* EssentialFeed */ = {
			isa = PBXGroup;
			children = (
				434E30D425975A550091BC63 /* Feed API */,
				803D33CA25BCA11B00172260 /* Feed Cache */,
				434E30C125963CA90091BC63 /* Feed Feature */,
				80275CC125E4E86200BDA480 /* Feed Presentation */,
				434E30A325963BE80091BC63 /* EssentialFeed.h */,
				434E30A425963BE80091BC63 /* Info.plist */,
			);
			path = EssentialFeed;
			sourceTree = "<group>";
		};
		434E30AD25963BE80091BC63 /* EssentialFeedTests */ = {
			isa = PBXGroup;
			children = (
				434E30B025963BE80091BC63 /* Info.plist */,
				4379310B259915D3002089AF /* Feed API */,
				80AD563A25B6C8C30092116D /* Feed Cache */,
				80275C4225E4DB0200BDA480 /* Feed Presentation */,
				80CDBB6B25A201B40016EB22 /* Helpers */,
			);
			path = EssentialFeedTests;
			sourceTree = "<group>";
		};
		434E30C125963CA90091BC63 /* Feed Feature */ = {
			isa = PBXGroup;
			children = (
				434E30BD25963C360091BC63 /* FeedImage.swift */,
				434E30C225963CB90091BC63 /* FeedLoader.swift */,
			);
			path = "Feed Feature";
			sourceTree = "<group>";
		};
		434E30D425975A550091BC63 /* Feed API */ = {
			isa = PBXGroup;
			children = (
				437931052598E4E8002089AF /* FeedItemsMapper.swift */,
				437931012598E496002089AF /* HTTPClient.swift */,
				803D33DB25BCB0AA00172260 /* RemoteFeedItem.swift */,
				434E30D525975A870091BC63 /* RemoteFeedLoader.swift */,
				80CDBB7225A2115D0016EB22 /* URLSessionHTTPClient.swift */,
			);
			path = "Feed API";
			sourceTree = "<group>";
		};
		43630D4025C5B17F006CE4B3 /* FeedStoreSpecs */ = {
			isa = PBXGroup;
			children = (
				43630D2925C5ACE9006CE4B3 /* XCTestCase+FeedStoreSpecs.swift */,
				43630D3325C5B0AA006CE4B3 /* XCTestCase+FailableInsertFeedStoreSpecs.swift */,
				43630D2E25C5B023006CE4B3 /* XCTestCase+FailableRetrieveFeedStoreSpecs.swift */,
				43630D3B25C5B115006CE4B3 /* XCTestCase+FailableDeleteFeedStoreSpecs.swift */,
			);
			path = FeedStoreSpecs;
			sourceTree = "<group>";
		};
		4379310B259915D3002089AF /* Feed API */ = {
			isa = PBXGroup;
			children = (
				434E30C625963DA70091BC63 /* LoadFeedFromRemoteUseCaseTests.swift */,
				43ED0D7625A0BA8B000EED39 /* URLSessionHTTPClientTests.swift */,
			);
			path = "Feed API";
			sourceTree = "<group>";
		};
		801265E625C7F7E400FD8DDB /* Infrastructure */ = {
			isa = PBXGroup;
			children = (
				801265EA25C7F81200FD8DDB /* CoreData */,
			);
			path = Infrastructure;
			sourceTree = "<group>";
		};
		801265EA25C7F81200FD8DDB /* CoreData */ = {
			isa = PBXGroup;
			children = (
				801265D825C7EFB800FD8DDB /* CoreDataFeedStore.swift */,
				801265F225C7F87000FD8DDB /* CoreDataHelpers.swift */,
				801265E025C7F05A00FD8DDB /* FeedStore.xcdatamodeld */,
				801265FD25C7F8F400FD8DDB /* ManagedCache.swift */,
				8012660225C7F91100FD8DDB /* ManagedFeedImage.swift */,
			);
			path = CoreData;
			sourceTree = "<group>";
		};
		8021623C25C92DBB00ABE2EC /* EssentialFeedCacheIntegrationTests */ = {
			isa = PBXGroup;
			children = (
				8021623D25C92DBB00ABE2EC /* EssentialFeedCacheIntegrationTests.swift */,
				8021623F25C92DBB00ABE2EC /* Info.plist */,
			);
			path = EssentialFeedCacheIntegrationTests;
			sourceTree = "<group>";
		};
		80275C4225E4DB0200BDA480 /* Feed Presentation */ = {
			isa = PBXGroup;
			children = (
				80275C4325E4DB1700BDA480 /* FeedPresenterTests.swift */,
			);
			path = "Feed Presentation";
			sourceTree = "<group>";
		};
		80275C6725E4E15700BDA480 /* Helpers */ = {
			isa = PBXGroup;
			children = (
				8069DAC725E22E4200B944D6 /* UIImageView+Animations.swift */,
				80275C8825E4E1E900BDA480 /* UIRefreshControl+Helpers.swift */,
				8069DAB925E22D7800B944D6 /* UITableView+Dequeing.swift */,
				805CCA4525D822EA00A10D97 /* UIView+Shimmering.swift */,
			);
			path = Helpers;
			sourceTree = "<group>";
		};
		80275CC125E4E86200BDA480 /* Feed Presentation */ = {
			isa = PBXGroup;
			children = (
				80275CB225E4E76800BDA480 /* Feed.strings */,
				80BAB0E825E4EA2D00121495 /* FeedErrorViewModel.swift */,
				80BAB0DA25E4EA0800121495 /* FeedLoadingViewModel.swift */,
				80275CC225E4E87400BDA480 /* FeedPresenter.swift */,
				80BAB0D225E4E9E000121495 /* FeedViewModel.swift */,
			);
			path = "Feed Presentation";
			sourceTree = "<group>";
		};
		803D33CA25BCA11B00172260 /* Feed Cache */ = {
			isa = PBXGroup;
			children = (
				801265E625C7F7E400FD8DDB /* Infrastructure */,
				803D33D325BCA1BA00172260 /* FeedStore.swift */,
				803D33E025BCB11E00172260 /* LocalFeedImage.swift */,
				803D33CB25BCA12F00172260 /* LocalFeedLoader.swift */,
				8077388025C1CFDB00026EB9 /* FeedCachePolicy.swift */,
			);
			path = "Feed Cache";
			sourceTree = "<group>";
		};
		8041B14A25A39A30005D2D2D /* EssentialFeedAPIEndToEndTests */ = {
			isa = PBXGroup;
			children = (
				8041B14B25A39A30005D2D2D /* EssentialFeedAPIEndToEndTests.swift */,
				8041B14D25A39A30005D2D2D /* Info.plist */,
			);
			path = EssentialFeedAPIEndToEndTests;
			sourceTree = "<group>";
		};
		806D96B625E265960071FCF3 /* Feed Presentation */ = {
			isa = PBXGroup;
			children = (
				806D96B725E265A80071FCF3 /* FeedLocalizationTests.swift */,
			);
			path = "Feed Presentation";
			sourceTree = "<group>";
		};
		807A240125C0881D00C05ED2 /* Helpers */ = {
			isa = PBXGroup;
			children = (
				807A240225C0882800C05ED2 /* FeedStoreSpy.swift */,
				80FEBC4625C15AC2004A07F3 /* FeedCacheTestHelpers.swift */,
			);
			path = Helpers;
			sourceTree = "<group>";
		};
		80879E7125D66E8A008BC52A /* Frameworks */ = {
			isa = PBXGroup;
			children = (
			);
			name = Frameworks;
			sourceTree = "<group>";
		};
		808F290825DDA1F5005E2F33 /* Helpers */ = {
			isa = PBXGroup;
			children = (
				808F296B25DDA3B1005E2F33 /* FeedImageCell+TestHelpers.swift */,
				808F295D25DDA366005E2F33 /* FeedViewController+TestHelpers.swift .swift */,
				808F298125DDA42A005E2F33 /* FeedUIIntegrationTests+Assertions.swift */,
				808F297925DDA3F2005E2F33 /* FeedUIIntegrationTests+LoaderSpy.swift .swift */,
				806D967925E2634A0071FCF3 /* FeedUIIntegrationTests+Localization.swift */,
				808F291F25DDA276005E2F33 /* UIButton+TestHelpers.swift .swift */,
				808F292D25DDA2AA005E2F33 /* UIControl+TestHelpers.swift .swift */,
				808F290925DDA202005E2F33 /* UIImage+TestHelpers.swift */,
				808F291725DDA238005E2F33 /* UIRefreshControl+TestHelpers.swift */,
			);
			path = Helpers;
			sourceTree = "<group>";
		};
		808F293B25DDA302005E2F33 /* Controllers */ = {
			isa = PBXGroup;
			children = (
				808F29BA25DDAAA6005E2F33 /* FeedImageCellController.swift */,
				80879E9225D68460008BC52A /* FeedViewController.swift */,
			);
			path = Controllers;
			sourceTree = "<group>";
		};
		808F294225DDA30E005E2F33 /* Views */ = {
			isa = PBXGroup;
			children = (
				80275C6725E4E15700BDA480 /* Helpers */,
				80275C5125E4DE0100BDA480 /* ErrorView.swift */,
				8069DA9D25E2245500B944D6 /* Feed.storyboard */,
				8069DAA525E2251700B944D6 /* Feed.xcassets */,
				805CCA3725D7FA9F00A10D97 /* FeedImageCell.swift */,
			);
			path = Views;
			sourceTree = "<group>";
		};
		808F299525DDA52B005E2F33 /* Feed UI */ = {
			isa = PBXGroup;
			children = (
				808F29C825DDAEE1005E2F33 /* Composers */,
				808F293B25DDA302005E2F33 /* Controllers */,
				808F294225DDA30E005E2F33 /* Views */,
			);
			path = "Feed UI";
			sourceTree = "<group>";
		};
		808F299C25DDA555005E2F33 /* Feed UI */ = {
			isa = PBXGroup;
			children = (
				80879E6925D66C95008BC52A /* FeedUIIntegrationTests.swift */,
				808F290825DDA1F5005E2F33 /* Helpers */,
			);
			path = "Feed UI";
			sourceTree = "<group>";
		};
		808F29A325DDA5B1005E2F33 /* Feed Image Loader */ = {
			isa = PBXGroup;
			children = (
				808F29A425DDA5C0005E2F33 /* FeedImageDataLoader.swift .swift */,
			);
			path = "Feed Image Loader";
			sourceTree = "<group>";
		};
		808F29C825DDAEE1005E2F33 /* Composers */ = {
			isa = PBXGroup;
			children = (
				806D96EA25E26E7E0071FCF3 /* FeedImageDataLoaderPresentationAdapter.swift */,
				806D96F825E26ED30071FCF3 /* FeedLoaderPresentationAdapter.swift */,
				808F29C925DDAEEE005E2F33 /* FeedUIComposer.swift */,
				806D970625E26EFD0071FCF3 /* FeedViewAdapter.swift */,
				806D96DA25E26E160071FCF3 /* MainQueueDispatchDecorator.swift */,
				806D96E225E26E480071FCF3 /* WeakRefVirtualProxy.swift */,
			);
			path = Composers;
			sourceTree = "<group>";
		};
		80A0805325DE5825003B36A9 /* Feed Presentation */ = {
			isa = PBXGroup;
			children = (
				80AD47B325DFA28D00C313A6 /* FeedImagePresenter.swift */,
				80A0806225DE5B65003B36A9 /* FeedImageViewModel.swift */,
			);
			path = "Feed Presentation";
			sourceTree = "<group>";
		};
		80AD563A25B6C8C30092116D /* Feed Cache */ = {
			isa = PBXGroup;
			children = (
				43630D4025C5B17F006CE4B3 /* FeedStoreSpecs */,
				807A240125C0881D00C05ED2 /* Helpers */,
				80AD563B25B6C8E60092116D /* CacheFeedUseCaseTests.swift */,
				801265CD25C7EEF200FD8DDB /* CoreDataFeedStoreTests.swift */,
				43630D2125C5AC60006CE4B3 /* FeedStoreSpecs.swift */,
				807A23FC25C086FF00C05ED2 /* LoadFeedFromCacheUseCaseTests.swift */,
				801396D425C1575500E53220 /* ValidateFeedCacheUseCaseTests.swift */,
			);
			path = "Feed Cache";
			sourceTree = "<group>";
		};
		80BF62FA25D50FAB00880EBD /* EssentialFeediOS */ = {
			isa = PBXGroup;
			children = (
				80BF62FC25D50FAB00880EBD /* Info.plist */,
				808F29A325DDA5B1005E2F33 /* Feed Image Loader */,
				80A0805325DE5825003B36A9 /* Feed Presentation */,
				808F299525DDA52B005E2F33 /* Feed UI */,
			);
			path = EssentialFeediOS;
			sourceTree = "<group>";
		};
		80BF630525D50FAC00880EBD /* EssentialFeediOSTests */ = {
			isa = PBXGroup;
			children = (
				806D96B625E265960071FCF3 /* Feed Presentation */,
				808F299C25DDA555005E2F33 /* Feed UI */,
				80BF630825D50FAC00880EBD /* Info.plist */,
			);
			path = EssentialFeediOSTests;
			sourceTree = "<group>";
		};
		80CDBB6B25A201B40016EB22 /* Helpers */ = {
			isa = PBXGroup;
			children = (
				80FEBC4B25C15BB3004A07F3 /* SharedTestHelpers.swift */,
				80CDBB6C25A201CE0016EB22 /* XCTestCase+MemoryLeakTracker.swift */,
			);
			path = Helpers;
			sourceTree = "<group>";
		};
/* End PBXGroup section */

/* Begin PBXHeadersBuildPhase section */
		434E309B25963BE80091BC63 /* Headers */ = {
			isa = PBXHeadersBuildPhase;
			buildActionMask = 2147483647;
			files = (
				434E30B125963BE80091BC63 /* EssentialFeed.h in Headers */,
			);
			runOnlyForDeploymentPostprocessing = 0;
		};
		80BF62F425D50FAB00880EBD /* Headers */ = {
			isa = PBXHeadersBuildPhase;
			buildActionMask = 2147483647;
			files = (
			);
			runOnlyForDeploymentPostprocessing = 0;
		};
/* End PBXHeadersBuildPhase section */

/* Begin PBXNativeTarget section */
		434E309F25963BE80091BC63 /* EssentialFeed */ = {
			isa = PBXNativeTarget;
			buildConfigurationList = 434E30B425963BE80091BC63 /* Build configuration list for PBXNativeTarget "EssentialFeed" */;
			buildPhases = (
				434E309B25963BE80091BC63 /* Headers */,
				434E309C25963BE80091BC63 /* Sources */,
				434E309D25963BE80091BC63 /* Frameworks */,
				434E309E25963BE80091BC63 /* Resources */,
			);
			buildRules = (
			);
			dependencies = (
			);
			name = EssentialFeed;
			productName = EssentialFeed;
			productReference = 434E30A025963BE80091BC63 /* EssentialFeed.framework */;
			productType = "com.apple.product-type.framework";
		};
		434E30A825963BE80091BC63 /* EssentialFeedTests */ = {
			isa = PBXNativeTarget;
			buildConfigurationList = 434E30B725963BE80091BC63 /* Build configuration list for PBXNativeTarget "EssentialFeedTests" */;
			buildPhases = (
				434E30A525963BE80091BC63 /* Sources */,
				434E30A625963BE80091BC63 /* Frameworks */,
				434E30A725963BE80091BC63 /* Resources */,
			);
			buildRules = (
			);
			dependencies = (
				434E30AC25963BE80091BC63 /* PBXTargetDependency */,
			);
			name = EssentialFeedTests;
			productName = EssentialFeedTests;
			productReference = 434E30A925963BE80091BC63 /* EssentialFeedTests.xctest */;
			productType = "com.apple.product-type.bundle.unit-test";
		};
		8021623A25C92DBB00ABE2EC /* EssentialFeedCacheIntegrationTests */ = {
			isa = PBXNativeTarget;
			buildConfigurationList = 8021624525C92DBB00ABE2EC /* Build configuration list for PBXNativeTarget "EssentialFeedCacheIntegrationTests" */;
			buildPhases = (
				8021623725C92DBB00ABE2EC /* Sources */,
				8021623825C92DBB00ABE2EC /* Frameworks */,
				8021623925C92DBB00ABE2EC /* Resources */,
			);
			buildRules = (
			);
			dependencies = (
				8021624225C92DBB00ABE2EC /* PBXTargetDependency */,
			);
			name = EssentialFeedCacheIntegrationTests;
			productName = EssentialFeedCacheIntegrationTests;
			productReference = 8021623B25C92DBB00ABE2EC /* EssentialFeedCacheIntegrationTests.xctest */;
			productType = "com.apple.product-type.bundle.unit-test";
		};
		8041B14825A39A30005D2D2D /* EssentialFeedAPIEndToEndTests */ = {
			isa = PBXNativeTarget;
			buildConfigurationList = 8041B15325A39A30005D2D2D /* Build configuration list for PBXNativeTarget "EssentialFeedAPIEndToEndTests" */;
			buildPhases = (
				8041B14525A39A30005D2D2D /* Sources */,
				8041B14625A39A30005D2D2D /* Frameworks */,
				8041B14725A39A30005D2D2D /* Resources */,
			);
			buildRules = (
			);
			dependencies = (
				8041B15025A39A30005D2D2D /* PBXTargetDependency */,
			);
			name = EssentialFeedAPIEndToEndTests;
			productName = EssentialFeedAPIEndToEndTests;
			productReference = 8041B14925A39A30005D2D2D /* EssentialFeedAPIEndToEndTests.xctest */;
			productType = "com.apple.product-type.bundle.unit-test";
		};
		80BF62F825D50FAB00880EBD /* EssentialFeediOS */ = {
			isa = PBXNativeTarget;
			buildConfigurationList = 80BF630A25D50FAC00880EBD /* Build configuration list for PBXNativeTarget "EssentialFeediOS" */;
			buildPhases = (
				80BF62F425D50FAB00880EBD /* Headers */,
				80BF62F525D50FAB00880EBD /* Sources */,
				80BF62F625D50FAB00880EBD /* Frameworks */,
				80BF62F725D50FAB00880EBD /* Resources */,
			);
			buildRules = (
			);
			dependencies = (
				80879E7525D66E8A008BC52A /* PBXTargetDependency */,
			);
			name = EssentialFeediOS;
			productName = EssentialFeediOS;
			productReference = 80BF62F925D50FAB00880EBD /* EssentialFeediOS.framework */;
			productType = "com.apple.product-type.framework";
		};
		80BF630025D50FAB00880EBD /* EssentialFeediOSTests */ = {
			isa = PBXNativeTarget;
			buildConfigurationList = 80BF630D25D50FAC00880EBD /* Build configuration list for PBXNativeTarget "EssentialFeediOSTests" */;
			buildPhases = (
				80BF62FD25D50FAB00880EBD /* Sources */,
				80BF62FE25D50FAB00880EBD /* Frameworks */,
				80BF62FF25D50FAB00880EBD /* Resources */,
			);
			buildRules = (
			);
			dependencies = (
				80BF630425D50FAC00880EBD /* PBXTargetDependency */,
			);
			name = EssentialFeediOSTests;
			productName = EssentialFeediOSTests;
			productReference = 80BF630125D50FAB00880EBD /* EssentialFeediOSTests.xctest */;
			productType = "com.apple.product-type.bundle.unit-test";
		};
/* End PBXNativeTarget section */

/* Begin PBXProject section */
		434E309725963BE80091BC63 /* Project object */ = {
			isa = PBXProject;
			attributes = {
				LastSwiftUpdateCheck = 1230;
				LastUpgradeCheck = 1230;
				TargetAttributes = {
					434E309F25963BE80091BC63 = {
						CreatedOnToolsVersion = 12.3;
						LastSwiftMigration = 1230;
					};
					434E30A825963BE80091BC63 = {
						CreatedOnToolsVersion = 12.3;
					};
					8021623A25C92DBB00ABE2EC = {
						CreatedOnToolsVersion = 12.3;
					};
					8041B14825A39A30005D2D2D = {
						CreatedOnToolsVersion = 12.0.1;
					};
					80BF62F825D50FAB00880EBD = {
						CreatedOnToolsVersion = 12.3;
						LastSwiftMigration = 1230;
					};
					80BF630025D50FAB00880EBD = {
						CreatedOnToolsVersion = 12.3;
						LastSwiftMigration = 1230;
					};
				};
			};
			buildConfigurationList = 434E309A25963BE80091BC63 /* Build configuration list for PBXProject "EssentialFeed" */;
			compatibilityVersion = "Xcode 9.3";
			developmentRegion = en;
			hasScannedForEncodings = 0;
			knownRegions = (
				en,
				Base,
				"pt-BR",
				el,
			);
			mainGroup = 434E309625963BE80091BC63;
			productRefGroup = 434E30A125963BE80091BC63 /* Products */;
			projectDirPath = "";
			projectRoot = "";
			targets = (
				434E309F25963BE80091BC63 /* EssentialFeed */,
				434E30A825963BE80091BC63 /* EssentialFeedTests */,
				8041B14825A39A30005D2D2D /* EssentialFeedAPIEndToEndTests */,
				8021623A25C92DBB00ABE2EC /* EssentialFeedCacheIntegrationTests */,
				80BF62F825D50FAB00880EBD /* EssentialFeediOS */,
				80BF630025D50FAB00880EBD /* EssentialFeediOSTests */,
			);
		};
/* End PBXProject section */

/* Begin PBXResourcesBuildPhase section */
		434E309E25963BE80091BC63 /* Resources */ = {
			isa = PBXResourcesBuildPhase;
			buildActionMask = 2147483647;
			files = (
				80BAB0CB25E4E96900121495 /* Feed.strings in Resources */,
			);
			runOnlyForDeploymentPostprocessing = 0;
		};
		434E30A725963BE80091BC63 /* Resources */ = {
			isa = PBXResourcesBuildPhase;
			buildActionMask = 2147483647;
			files = (
			);
			runOnlyForDeploymentPostprocessing = 0;
		};
		8021623925C92DBB00ABE2EC /* Resources */ = {
			isa = PBXResourcesBuildPhase;
			buildActionMask = 2147483647;
			files = (
			);
			runOnlyForDeploymentPostprocessing = 0;
		};
		8041B14725A39A30005D2D2D /* Resources */ = {
			isa = PBXResourcesBuildPhase;
			buildActionMask = 2147483647;
			files = (
			);
			runOnlyForDeploymentPostprocessing = 0;
		};
		80BF62F725D50FAB00880EBD /* Resources */ = {
			isa = PBXResourcesBuildPhase;
			buildActionMask = 2147483647;
			files = (
				8069DA9E25E2245500B944D6 /* Feed.storyboard in Resources */,
				8069DAA625E2251700B944D6 /* Feed.xcassets in Resources */,
			);
			runOnlyForDeploymentPostprocessing = 0;
		};
		80BF62FF25D50FAB00880EBD /* Resources */ = {
			isa = PBXResourcesBuildPhase;
			buildActionMask = 2147483647;
			files = (
			);
			runOnlyForDeploymentPostprocessing = 0;
		};
/* End PBXResourcesBuildPhase section */

/* Begin PBXSourcesBuildPhase section */
		434E309C25963BE80091BC63 /* Sources */ = {
			isa = PBXSourcesBuildPhase;
			buildActionMask = 2147483647;
			files = (
				801265F325C7F87000FD8DDB /* CoreDataHelpers.swift in Sources */,
				437931062598E4E8002089AF /* FeedItemsMapper.swift in Sources */,
				434E30C325963CB90091BC63 /* FeedLoader.swift in Sources */,
				803D33DC25BCB0AA00172260 /* RemoteFeedItem.swift in Sources */,
				8077388125C1CFDB00026EB9 /* FeedCachePolicy.swift in Sources */,
				434E30D625975A870091BC63 /* RemoteFeedLoader.swift in Sources */,
				801265E225C7F05A00FD8DDB /* FeedStore.xcdatamodeld in Sources */,
				803D33E125BCB11E00172260 /* LocalFeedImage.swift in Sources */,
				80BAB0D325E4E9E000121495 /* FeedViewModel.swift in Sources */,
				803D33D425BCA1BA00172260 /* FeedStore.swift in Sources */,
				803D33CC25BCA12F00172260 /* LocalFeedLoader.swift in Sources */,
				803D08AA259E3B5B0047D0DA /* FeedImage.swift in Sources */,
				437931022598E496002089AF /* HTTPClient.swift in Sources */,
				80275CC325E4E87400BDA480 /* FeedPresenter.swift in Sources */,
				80CDBB7325A2115D0016EB22 /* URLSessionHTTPClient.swift in Sources */,
				801265FE25C7F8F400FD8DDB /* ManagedCache.swift in Sources */,
				801265D925C7EFB800FD8DDB /* CoreDataFeedStore.swift in Sources */,
				80BAB0E925E4EA2D00121495 /* FeedErrorViewModel.swift in Sources */,
				80BAB0DB25E4EA0800121495 /* FeedLoadingViewModel.swift in Sources */,
				8012660325C7F91100FD8DDB /* ManagedFeedImage.swift in Sources */,
			);
			runOnlyForDeploymentPostprocessing = 0;
		};
		434E30A525963BE80091BC63 /* Sources */ = {
			isa = PBXSourcesBuildPhase;
			buildActionMask = 2147483647;
			files = (
				80FEBC4725C15AC2004A07F3 /* FeedCacheTestHelpers.swift in Sources */,
				801396D525C1575500E53220 /* ValidateFeedCacheUseCaseTests.swift in Sources */,
				80275C4425E4DB1700BDA480 /* FeedPresenterTests.swift in Sources */,
				434E30C725963DA70091BC63 /* LoadFeedFromRemoteUseCaseTests.swift in Sources */,
				43630D3425C5B0AA006CE4B3 /* XCTestCase+FailableInsertFeedStoreSpecs.swift in Sources */,
				80CDBB6D25A201CE0016EB22 /* XCTestCase+MemoryLeakTracker.swift in Sources */,
				807A240325C0882800C05ED2 /* FeedStoreSpy.swift in Sources */,
				80FEBC4C25C15BB3004A07F3 /* SharedTestHelpers.swift in Sources */,
				80AD563C25B6C8E60092116D /* CacheFeedUseCaseTests.swift in Sources */,
				43630D3C25C5B115006CE4B3 /* XCTestCase+FailableDeleteFeedStoreSpecs.swift in Sources */,
				43630D2F25C5B023006CE4B3 /* XCTestCase+FailableRetrieveFeedStoreSpecs.swift in Sources */,
				807A23FD25C086FF00C05ED2 /* LoadFeedFromCacheUseCaseTests.swift in Sources */,
				43630D2225C5AC60006CE4B3 /* FeedStoreSpecs.swift in Sources */,
				43ED0D7725A0BA8B000EED39 /* URLSessionHTTPClientTests.swift in Sources */,
				801265CE25C7EEF200FD8DDB /* CoreDataFeedStoreTests.swift in Sources */,
				43630D2A25C5ACE9006CE4B3 /* XCTestCase+FeedStoreSpecs.swift in Sources */,
			);
			runOnlyForDeploymentPostprocessing = 0;
		};
		8021623725C92DBB00ABE2EC /* Sources */ = {
			isa = PBXSourcesBuildPhase;
			buildActionMask = 2147483647;
			files = (
				8021625425C92FDD00ABE2EC /* SharedTestHelpers.swift in Sources */,
				8021623E25C92DBB00ABE2EC /* EssentialFeedCacheIntegrationTests.swift in Sources */,
				8021624F25C92FD000ABE2EC /* FeedCacheTestHelpers.swift in Sources */,
				8021624A25C92F1800ABE2EC /* XCTestCase+MemoryLeakTracker.swift in Sources */,
			);
			runOnlyForDeploymentPostprocessing = 0;
		};
		8041B14525A39A30005D2D2D /* Sources */ = {
			isa = PBXSourcesBuildPhase;
			buildActionMask = 2147483647;
			files = (
				8041B14C25A39A30005D2D2D /* EssentialFeedAPIEndToEndTests.swift in Sources */,
				8041B15725A39FF3005D2D2D /* XCTestCase+MemoryLeakTracker.swift in Sources */,
			);
			runOnlyForDeploymentPostprocessing = 0;
		};
		80BF62F525D50FAB00880EBD /* Sources */ = {
			isa = PBXSourcesBuildPhase;
			buildActionMask = 2147483647;
			files = (
				808F29A525DDA5C0005E2F33 /* FeedImageDataLoader.swift .swift in Sources */,
				80275C5225E4DE0100BDA480 /* ErrorView.swift in Sources */,
				80275C8925E4E1E900BDA480 /* UIRefreshControl+Helpers.swift in Sources */,
				805CCA4625D822EA00A10D97 /* UIView+Shimmering.swift in Sources */,
				80AD47B425DFA28D00C313A6 /* FeedImagePresenter.swift in Sources */,
				806D96F925E26ED30071FCF3 /* FeedLoaderPresentationAdapter.swift in Sources */,
				80879E9325D68460008BC52A /* FeedViewController.swift in Sources */,
				806D96E325E26E480071FCF3 /* WeakRefVirtualProxy.swift in Sources */,
				8069DAC825E22E4200B944D6 /* UIImageView+Animations.swift in Sources */,
				806D96DB25E26E160071FCF3 /* MainQueueDispatchDecorator.swift in Sources */,
				8069DABA25E22D7800B944D6 /* UITableView+Dequeing.swift in Sources */,
				805CCA3825D7FA9F00A10D97 /* FeedImageCell.swift in Sources */,
				806D96EB25E26E7E0071FCF3 /* FeedImageDataLoaderPresentationAdapter.swift in Sources */,
				80A0806325DE5B66003B36A9 /* FeedImageViewModel.swift in Sources */,
				808F29BB25DDAAA6005E2F33 /* FeedImageCellController.swift in Sources */,
				806D970725E26EFD0071FCF3 /* FeedViewAdapter.swift in Sources */,
				808F29CA25DDAEEE005E2F33 /* FeedUIComposer.swift in Sources */,
			);
			runOnlyForDeploymentPostprocessing = 0;
		};
		80BF62FD25D50FAB00880EBD /* Sources */ = {
			isa = PBXSourcesBuildPhase;
			buildActionMask = 2147483647;
			files = (
				80879E6A25D66C95008BC52A /* FeedUIIntegrationTests.swift in Sources */,
				808F298225DDA42A005E2F33 /* FeedUIIntegrationTests+Assertions.swift in Sources */,
				806D96B825E265A80071FCF3 /* FeedLocalizationTests.swift in Sources */,
				808F291825DDA238005E2F33 /* UIRefreshControl+TestHelpers.swift in Sources */,
				80879E7D25D66F6C008BC52A /* XCTestCase+MemoryLeakTracker.swift in Sources */,
				808F292E25DDA2AA005E2F33 /* UIControl+TestHelpers.swift .swift in Sources */,
				808F292025DDA276005E2F33 /* UIButton+TestHelpers.swift .swift in Sources */,
				808F290A25DDA202005E2F33 /* UIImage+TestHelpers.swift in Sources */,
				808F297A25DDA3F2005E2F33 /* FeedUIIntegrationTests+LoaderSpy.swift .swift in Sources */,
				808F295E25DDA366005E2F33 /* FeedViewController+TestHelpers.swift .swift in Sources */,
				808F296C25DDA3B1005E2F33 /* FeedImageCell+TestHelpers.swift in Sources */,
				806D967A25E2634A0071FCF3 /* FeedUIIntegrationTests+Localization.swift in Sources */,
			);
			runOnlyForDeploymentPostprocessing = 0;
		};
/* End PBXSourcesBuildPhase section */

/* Begin PBXTargetDependency section */
		434E30AC25963BE80091BC63 /* PBXTargetDependency */ = {
			isa = PBXTargetDependency;
			target = 434E309F25963BE80091BC63 /* EssentialFeed */;
			targetProxy = 434E30AB25963BE80091BC63 /* PBXContainerItemProxy */;
		};
		8021624225C92DBB00ABE2EC /* PBXTargetDependency */ = {
			isa = PBXTargetDependency;
			target = 434E309F25963BE80091BC63 /* EssentialFeed */;
			targetProxy = 8021624125C92DBB00ABE2EC /* PBXContainerItemProxy */;
		};
		8041B15025A39A30005D2D2D /* PBXTargetDependency */ = {
			isa = PBXTargetDependency;
			target = 434E309F25963BE80091BC63 /* EssentialFeed */;
			targetProxy = 8041B14F25A39A30005D2D2D /* PBXContainerItemProxy */;
		};
		80879E7525D66E8A008BC52A /* PBXTargetDependency */ = {
			isa = PBXTargetDependency;
			platformFilter = ios;
			target = 434E309F25963BE80091BC63 /* EssentialFeed */;
			targetProxy = 80879E7425D66E8A008BC52A /* PBXContainerItemProxy */;
		};
		80BF630425D50FAC00880EBD /* PBXTargetDependency */ = {
			isa = PBXTargetDependency;
			target = 80BF62F825D50FAB00880EBD /* EssentialFeediOS */;
			targetProxy = 80BF630325D50FAC00880EBD /* PBXContainerItemProxy */;
		};
/* End PBXTargetDependency section */

/* Begin PBXVariantGroup section */
		80275CB225E4E76800BDA480 /* Feed.strings */ = {
			isa = PBXVariantGroup;
			children = (
				80275CB125E4E76800BDA480 /* en */,
				80275CB925E4E76B00BDA480 /* el */,
				80275CBA25E4E76C00BDA480 /* pt-BR */,
			);
			name = Feed.strings;
			sourceTree = "<group>";
		};
/* End PBXVariantGroup section */

/* Begin XCBuildConfiguration section */
		434E30B225963BE80091BC63 /* Debug */ = {
			isa = XCBuildConfiguration;
			buildSettings = {
				ALWAYS_SEARCH_USER_PATHS = NO;
				CLANG_ANALYZER_LOCALIZABILITY_NONLOCALIZED = YES;
				CLANG_ANALYZER_NONNULL = YES;
				CLANG_ANALYZER_NUMBER_OBJECT_CONVERSION = YES_AGGRESSIVE;
				CLANG_CXX_LANGUAGE_STANDARD = "gnu++14";
				CLANG_CXX_LIBRARY = "libc++";
				CLANG_ENABLE_MODULES = YES;
				CLANG_ENABLE_OBJC_ARC = YES;
				CLANG_ENABLE_OBJC_WEAK = YES;
				CLANG_WARN_BLOCK_CAPTURE_AUTORELEASING = YES;
				CLANG_WARN_BOOL_CONVERSION = YES;
				CLANG_WARN_COMMA = YES;
				CLANG_WARN_CONSTANT_CONVERSION = YES;
				CLANG_WARN_DEPRECATED_OBJC_IMPLEMENTATIONS = YES;
				CLANG_WARN_DIRECT_OBJC_ISA_USAGE = YES_ERROR;
				CLANG_WARN_DOCUMENTATION_COMMENTS = YES;
				CLANG_WARN_EMPTY_BODY = YES;
				CLANG_WARN_ENUM_CONVERSION = YES;
				CLANG_WARN_INFINITE_RECURSION = YES;
				CLANG_WARN_INT_CONVERSION = YES;
				CLANG_WARN_NON_LITERAL_NULL_CONVERSION = YES;
				CLANG_WARN_OBJC_IMPLICIT_RETAIN_SELF = YES;
				CLANG_WARN_OBJC_LITERAL_CONVERSION = YES;
				CLANG_WARN_OBJC_ROOT_CLASS = YES_ERROR;
				CLANG_WARN_QUOTED_INCLUDE_IN_FRAMEWORK_HEADER = YES;
				CLANG_WARN_RANGE_LOOP_ANALYSIS = YES;
				CLANG_WARN_STRICT_PROTOTYPES = YES;
				CLANG_WARN_SUSPICIOUS_MOVE = YES;
				CLANG_WARN_UNGUARDED_AVAILABILITY = YES_AGGRESSIVE;
				CLANG_WARN_UNREACHABLE_CODE = YES;
				CLANG_WARN__DUPLICATE_METHOD_MATCH = YES;
				COPY_PHASE_STRIP = NO;
				CURRENT_PROJECT_VERSION = 1;
				DEBUG_INFORMATION_FORMAT = dwarf;
				ENABLE_STRICT_OBJC_MSGSEND = YES;
				ENABLE_TESTABILITY = YES;
				GCC_C_LANGUAGE_STANDARD = gnu11;
				GCC_DYNAMIC_NO_PIC = NO;
				GCC_NO_COMMON_BLOCKS = YES;
				GCC_OPTIMIZATION_LEVEL = 0;
				GCC_PREPROCESSOR_DEFINITIONS = (
					"DEBUG=1",
					"$(inherited)",
				);
				GCC_WARN_64_TO_32_BIT_CONVERSION = YES;
				GCC_WARN_ABOUT_RETURN_TYPE = YES_ERROR;
				GCC_WARN_UNDECLARED_SELECTOR = YES;
				GCC_WARN_UNINITIALIZED_AUTOS = YES_AGGRESSIVE;
				GCC_WARN_UNUSED_FUNCTION = YES;
				GCC_WARN_UNUSED_VARIABLE = YES;
				MACOSX_DEPLOYMENT_TARGET = 10.15;
				MTL_ENABLE_DEBUG_INFO = INCLUDE_SOURCE;
				MTL_FAST_MATH = YES;
				ONLY_ACTIVE_ARCH = YES;
				SDKROOT = macosx;
				SWIFT_ACTIVE_COMPILATION_CONDITIONS = DEBUG;
				SWIFT_OPTIMIZATION_LEVEL = "-Onone";
				VERSIONING_SYSTEM = "apple-generic";
				VERSION_INFO_PREFIX = "";
			};
			name = Debug;
		};
		434E30B325963BE80091BC63 /* Release */ = {
			isa = XCBuildConfiguration;
			buildSettings = {
				ALWAYS_SEARCH_USER_PATHS = NO;
				CLANG_ANALYZER_LOCALIZABILITY_NONLOCALIZED = YES;
				CLANG_ANALYZER_NONNULL = YES;
				CLANG_ANALYZER_NUMBER_OBJECT_CONVERSION = YES_AGGRESSIVE;
				CLANG_CXX_LANGUAGE_STANDARD = "gnu++14";
				CLANG_CXX_LIBRARY = "libc++";
				CLANG_ENABLE_MODULES = YES;
				CLANG_ENABLE_OBJC_ARC = YES;
				CLANG_ENABLE_OBJC_WEAK = YES;
				CLANG_WARN_BLOCK_CAPTURE_AUTORELEASING = YES;
				CLANG_WARN_BOOL_CONVERSION = YES;
				CLANG_WARN_COMMA = YES;
				CLANG_WARN_CONSTANT_CONVERSION = YES;
				CLANG_WARN_DEPRECATED_OBJC_IMPLEMENTATIONS = YES;
				CLANG_WARN_DIRECT_OBJC_ISA_USAGE = YES_ERROR;
				CLANG_WARN_DOCUMENTATION_COMMENTS = YES;
				CLANG_WARN_EMPTY_BODY = YES;
				CLANG_WARN_ENUM_CONVERSION = YES;
				CLANG_WARN_INFINITE_RECURSION = YES;
				CLANG_WARN_INT_CONVERSION = YES;
				CLANG_WARN_NON_LITERAL_NULL_CONVERSION = YES;
				CLANG_WARN_OBJC_IMPLICIT_RETAIN_SELF = YES;
				CLANG_WARN_OBJC_LITERAL_CONVERSION = YES;
				CLANG_WARN_OBJC_ROOT_CLASS = YES_ERROR;
				CLANG_WARN_QUOTED_INCLUDE_IN_FRAMEWORK_HEADER = YES;
				CLANG_WARN_RANGE_LOOP_ANALYSIS = YES;
				CLANG_WARN_STRICT_PROTOTYPES = YES;
				CLANG_WARN_SUSPICIOUS_MOVE = YES;
				CLANG_WARN_UNGUARDED_AVAILABILITY = YES_AGGRESSIVE;
				CLANG_WARN_UNREACHABLE_CODE = YES;
				CLANG_WARN__DUPLICATE_METHOD_MATCH = YES;
				COPY_PHASE_STRIP = NO;
				CURRENT_PROJECT_VERSION = 1;
				DEBUG_INFORMATION_FORMAT = "dwarf-with-dsym";
				ENABLE_NS_ASSERTIONS = NO;
				ENABLE_STRICT_OBJC_MSGSEND = YES;
				GCC_C_LANGUAGE_STANDARD = gnu11;
				GCC_NO_COMMON_BLOCKS = YES;
				GCC_WARN_64_TO_32_BIT_CONVERSION = YES;
				GCC_WARN_ABOUT_RETURN_TYPE = YES_ERROR;
				GCC_WARN_UNDECLARED_SELECTOR = YES;
				GCC_WARN_UNINITIALIZED_AUTOS = YES_AGGRESSIVE;
				GCC_WARN_UNUSED_FUNCTION = YES;
				GCC_WARN_UNUSED_VARIABLE = YES;
				MACOSX_DEPLOYMENT_TARGET = 10.15;
				MTL_ENABLE_DEBUG_INFO = NO;
				MTL_FAST_MATH = YES;
				SDKROOT = macosx;
				SWIFT_COMPILATION_MODE = wholemodule;
				SWIFT_OPTIMIZATION_LEVEL = "-O";
				VERSIONING_SYSTEM = "apple-generic";
				VERSION_INFO_PREFIX = "";
			};
			name = Release;
		};
		434E30B525963BE80091BC63 /* Debug */ = {
			isa = XCBuildConfiguration;
			buildSettings = {
				CLANG_ENABLE_MODULES = YES;
				CODE_SIGN_STYLE = Automatic;
				COMBINE_HIDPI_IMAGES = YES;
				DEFINES_MODULE = YES;
				DYLIB_COMPATIBILITY_VERSION = 1;
				DYLIB_CURRENT_VERSION = 1;
				DYLIB_INSTALL_NAME_BASE = "@rpath";
				INFOPLIST_FILE = EssentialFeed/Info.plist;
				INSTALL_PATH = "$(LOCAL_LIBRARY_DIR)/Frameworks";
				LD_RUNPATH_SEARCH_PATHS = (
					"$(inherited)",
					"@executable_path/../Frameworks",
					"@loader_path/Frameworks",
				);
				PRODUCT_BUNDLE_IDENTIFIER = com.bp.EssentialFeed;
				PRODUCT_NAME = "$(TARGET_NAME:c99extidentifier)";
				SKIP_INSTALL = YES;
				SUPPORTED_PLATFORMS = "macosx iphoneos iphonesimulator";
				SWIFT_OPTIMIZATION_LEVEL = "-Onone";
				SWIFT_VERSION = 5.0;
			};
			name = Debug;
		};
		434E30B625963BE80091BC63 /* Release */ = {
			isa = XCBuildConfiguration;
			buildSettings = {
				CLANG_ENABLE_MODULES = YES;
				CODE_SIGN_STYLE = Automatic;
				COMBINE_HIDPI_IMAGES = YES;
				DEFINES_MODULE = YES;
				DYLIB_COMPATIBILITY_VERSION = 1;
				DYLIB_CURRENT_VERSION = 1;
				DYLIB_INSTALL_NAME_BASE = "@rpath";
				INFOPLIST_FILE = EssentialFeed/Info.plist;
				INSTALL_PATH = "$(LOCAL_LIBRARY_DIR)/Frameworks";
				LD_RUNPATH_SEARCH_PATHS = (
					"$(inherited)",
					"@executable_path/../Frameworks",
					"@loader_path/Frameworks",
				);
				PRODUCT_BUNDLE_IDENTIFIER = com.bp.EssentialFeed;
				PRODUCT_NAME = "$(TARGET_NAME:c99extidentifier)";
				SKIP_INSTALL = YES;
				SUPPORTED_PLATFORMS = "macosx iphoneos iphonesimulator";
				SWIFT_VERSION = 5.0;
			};
			name = Release;
		};
		434E30B825963BE80091BC63 /* Debug */ = {
			isa = XCBuildConfiguration;
			buildSettings = {
				ALWAYS_EMBED_SWIFT_STANDARD_LIBRARIES = YES;
				CODE_SIGN_STYLE = Automatic;
				COMBINE_HIDPI_IMAGES = YES;
				INFOPLIST_FILE = EssentialFeedTests/Info.plist;
				LD_RUNPATH_SEARCH_PATHS = (
					"$(inherited)",
					"@executable_path/../Frameworks",
					"@loader_path/../Frameworks",
				);
				PRODUCT_BUNDLE_IDENTIFIER = com.bp.EssentialFeedTests;
				PRODUCT_NAME = "$(TARGET_NAME)";
				SUPPORTED_PLATFORMS = "macosx iphoneos iphonesimulator";
				SWIFT_VERSION = 5.0;
			};
			name = Debug;
		};
		434E30B925963BE80091BC63 /* Release */ = {
			isa = XCBuildConfiguration;
			buildSettings = {
				ALWAYS_EMBED_SWIFT_STANDARD_LIBRARIES = YES;
				CODE_SIGN_STYLE = Automatic;
				COMBINE_HIDPI_IMAGES = YES;
				INFOPLIST_FILE = EssentialFeedTests/Info.plist;
				LD_RUNPATH_SEARCH_PATHS = (
					"$(inherited)",
					"@executable_path/../Frameworks",
					"@loader_path/../Frameworks",
				);
				PRODUCT_BUNDLE_IDENTIFIER = com.bp.EssentialFeedTests;
				PRODUCT_NAME = "$(TARGET_NAME)";
				SUPPORTED_PLATFORMS = "macosx iphoneos iphonesimulator";
				SWIFT_VERSION = 5.0;
			};
			name = Release;
		};
		8021624325C92DBB00ABE2EC /* Debug */ = {
			isa = XCBuildConfiguration;
			buildSettings = {
				CODE_SIGN_STYLE = Automatic;
				COMBINE_HIDPI_IMAGES = YES;
				INFOPLIST_FILE = EssentialFeedCacheIntegrationTests/Info.plist;
				LD_RUNPATH_SEARCH_PATHS = (
					"$(inherited)",
					"@executable_path/../Frameworks",
					"@loader_path/../Frameworks",
				);
				PRODUCT_BUNDLE_IDENTIFIER = com.bp.EssentialFeedCacheIntegrationTests;
				PRODUCT_NAME = "$(TARGET_NAME)";
				SUPPORTED_PLATFORMS = "macosx iphoneos iphonesimulator";
				SWIFT_VERSION = 5.0;
			};
			name = Debug;
		};
		8021624425C92DBB00ABE2EC /* Release */ = {
			isa = XCBuildConfiguration;
			buildSettings = {
				CODE_SIGN_STYLE = Automatic;
				COMBINE_HIDPI_IMAGES = YES;
				INFOPLIST_FILE = EssentialFeedCacheIntegrationTests/Info.plist;
				LD_RUNPATH_SEARCH_PATHS = (
					"$(inherited)",
					"@executable_path/../Frameworks",
					"@loader_path/../Frameworks",
				);
				PRODUCT_BUNDLE_IDENTIFIER = com.bp.EssentialFeedCacheIntegrationTests;
				PRODUCT_NAME = "$(TARGET_NAME)";
				SUPPORTED_PLATFORMS = "macosx iphoneos iphonesimulator";
				SWIFT_VERSION = 5.0;
			};
			name = Release;
		};
		8041B15125A39A30005D2D2D /* Debug */ = {
			isa = XCBuildConfiguration;
			buildSettings = {
				CODE_SIGN_STYLE = Automatic;
				COMBINE_HIDPI_IMAGES = YES;
				INFOPLIST_FILE = EssentialFeedAPIEndToEndTests/Info.plist;
				LD_RUNPATH_SEARCH_PATHS = (
					"$(inherited)",
					"@executable_path/../Frameworks",
					"@loader_path/../Frameworks",
				);
				PRODUCT_BUNDLE_IDENTIFIER = com.bp.EssentialFeedAPIEndToEndTests;
				PRODUCT_NAME = "$(TARGET_NAME)";
				SUPPORTED_PLATFORMS = "macosx iphoneos iphonesimulator";
				SWIFT_VERSION = 5.0;
			};
			name = Debug;
		};
		8041B15225A39A30005D2D2D /* Release */ = {
			isa = XCBuildConfiguration;
			buildSettings = {
				CODE_SIGN_STYLE = Automatic;
				COMBINE_HIDPI_IMAGES = YES;
				INFOPLIST_FILE = EssentialFeedAPIEndToEndTests/Info.plist;
				LD_RUNPATH_SEARCH_PATHS = (
					"$(inherited)",
					"@executable_path/../Frameworks",
					"@loader_path/../Frameworks",
				);
				PRODUCT_BUNDLE_IDENTIFIER = com.bp.EssentialFeedAPIEndToEndTests;
				PRODUCT_NAME = "$(TARGET_NAME)";
				SUPPORTED_PLATFORMS = "macosx iphoneos iphonesimulator";
				SWIFT_VERSION = 5.0;
			};
			name = Release;
		};
		80BF630B25D50FAC00880EBD /* Debug */ = {
			isa = XCBuildConfiguration;
			buildSettings = {
				CLANG_ENABLE_MODULES = YES;
				CODE_SIGN_STYLE = Automatic;
				DEFINES_MODULE = YES;
				DYLIB_COMPATIBILITY_VERSION = 1;
				DYLIB_CURRENT_VERSION = 1;
				DYLIB_INSTALL_NAME_BASE = "@rpath";
				INFOPLIST_FILE = EssentialFeediOS/Info.plist;
				INSTALL_PATH = "$(LOCAL_LIBRARY_DIR)/Frameworks";
				IPHONEOS_DEPLOYMENT_TARGET = 14.3;
				LD_RUNPATH_SEARCH_PATHS = (
					"$(inherited)",
					"@executable_path/Frameworks",
					"@loader_path/Frameworks",
				);
				PRODUCT_BUNDLE_IDENTIFIER = com.bp.EssentialFeediOS;
				PRODUCT_NAME = "$(TARGET_NAME:c99extidentifier)";
				SDKROOT = iphoneos;
				SKIP_INSTALL = YES;
				SWIFT_OPTIMIZATION_LEVEL = "-Onone";
				SWIFT_VERSION = 5.0;
				TARGETED_DEVICE_FAMILY = "1,2";
			};
			name = Debug;
		};
		80BF630C25D50FAC00880EBD /* Release */ = {
			isa = XCBuildConfiguration;
			buildSettings = {
				CLANG_ENABLE_MODULES = YES;
				CODE_SIGN_STYLE = Automatic;
				DEFINES_MODULE = YES;
				DYLIB_COMPATIBILITY_VERSION = 1;
				DYLIB_CURRENT_VERSION = 1;
				DYLIB_INSTALL_NAME_BASE = "@rpath";
				INFOPLIST_FILE = EssentialFeediOS/Info.plist;
				INSTALL_PATH = "$(LOCAL_LIBRARY_DIR)/Frameworks";
				IPHONEOS_DEPLOYMENT_TARGET = 14.3;
				LD_RUNPATH_SEARCH_PATHS = (
					"$(inherited)",
					"@executable_path/Frameworks",
					"@loader_path/Frameworks",
				);
				PRODUCT_BUNDLE_IDENTIFIER = com.bp.EssentialFeediOS;
				PRODUCT_NAME = "$(TARGET_NAME:c99extidentifier)";
				SDKROOT = iphoneos;
				SKIP_INSTALL = YES;
				SWIFT_VERSION = 5.0;
				TARGETED_DEVICE_FAMILY = "1,2";
				VALIDATE_PRODUCT = YES;
			};
			name = Release;
		};
		80BF630E25D50FAC00880EBD /* Debug */ = {
			isa = XCBuildConfiguration;
			buildSettings = {
				ALWAYS_EMBED_SWIFT_STANDARD_LIBRARIES = YES;
				CLANG_ENABLE_MODULES = YES;
				CODE_SIGN_STYLE = Automatic;
				INFOPLIST_FILE = EssentialFeediOSTests/Info.plist;
				IPHONEOS_DEPLOYMENT_TARGET = 14.3;
				LD_RUNPATH_SEARCH_PATHS = (
					"$(inherited)",
					"@executable_path/Frameworks",
					"@loader_path/Frameworks",
				);
				PRODUCT_BUNDLE_IDENTIFIER = com.bp.EssentialFeediOSTests;
				PRODUCT_NAME = "$(TARGET_NAME)";
				SDKROOT = iphoneos;
				SWIFT_OPTIMIZATION_LEVEL = "-Onone";
				SWIFT_VERSION = 5.0;
				TARGETED_DEVICE_FAMILY = "1,2";
			};
			name = Debug;
		};
		80BF630F25D50FAC00880EBD /* Release */ = {
			isa = XCBuildConfiguration;
			buildSettings = {
				ALWAYS_EMBED_SWIFT_STANDARD_LIBRARIES = YES;
				CLANG_ENABLE_MODULES = YES;
				CODE_SIGN_STYLE = Automatic;
				INFOPLIST_FILE = EssentialFeediOSTests/Info.plist;
				IPHONEOS_DEPLOYMENT_TARGET = 14.3;
				LD_RUNPATH_SEARCH_PATHS = (
					"$(inherited)",
					"@executable_path/Frameworks",
					"@loader_path/Frameworks",
				);
				PRODUCT_BUNDLE_IDENTIFIER = com.bp.EssentialFeediOSTests;
				PRODUCT_NAME = "$(TARGET_NAME)";
				SDKROOT = iphoneos;
				SWIFT_VERSION = 5.0;
				TARGETED_DEVICE_FAMILY = "1,2";
				VALIDATE_PRODUCT = YES;
			};
			name = Release;
		};
/* End XCBuildConfiguration section */

/* Begin XCConfigurationList section */
		434E309A25963BE80091BC63 /* Build configuration list for PBXProject "EssentialFeed" */ = {
			isa = XCConfigurationList;
			buildConfigurations = (
				434E30B225963BE80091BC63 /* Debug */,
				434E30B325963BE80091BC63 /* Release */,
			);
			defaultConfigurationIsVisible = 0;
			defaultConfigurationName = Release;
		};
		434E30B425963BE80091BC63 /* Build configuration list for PBXNativeTarget "EssentialFeed" */ = {
			isa = XCConfigurationList;
			buildConfigurations = (
				434E30B525963BE80091BC63 /* Debug */,
				434E30B625963BE80091BC63 /* Release */,
			);
			defaultConfigurationIsVisible = 0;
			defaultConfigurationName = Release;
		};
		434E30B725963BE80091BC63 /* Build configuration list for PBXNativeTarget "EssentialFeedTests" */ = {
			isa = XCConfigurationList;
			buildConfigurations = (
				434E30B825963BE80091BC63 /* Debug */,
				434E30B925963BE80091BC63 /* Release */,
			);
			defaultConfigurationIsVisible = 0;
			defaultConfigurationName = Release;
		};
		8021624525C92DBB00ABE2EC /* Build configuration list for PBXNativeTarget "EssentialFeedCacheIntegrationTests" */ = {
			isa = XCConfigurationList;
			buildConfigurations = (
				8021624325C92DBB00ABE2EC /* Debug */,
				8021624425C92DBB00ABE2EC /* Release */,
			);
			defaultConfigurationIsVisible = 0;
			defaultConfigurationName = Release;
		};
		8041B15325A39A30005D2D2D /* Build configuration list for PBXNativeTarget "EssentialFeedAPIEndToEndTests" */ = {
			isa = XCConfigurationList;
			buildConfigurations = (
				8041B15125A39A30005D2D2D /* Debug */,
				8041B15225A39A30005D2D2D /* Release */,
			);
			defaultConfigurationIsVisible = 0;
			defaultConfigurationName = Release;
		};
		80BF630A25D50FAC00880EBD /* Build configuration list for PBXNativeTarget "EssentialFeediOS" */ = {
			isa = XCConfigurationList;
			buildConfigurations = (
				80BF630B25D50FAC00880EBD /* Debug */,
				80BF630C25D50FAC00880EBD /* Release */,
			);
			defaultConfigurationIsVisible = 0;
			defaultConfigurationName = Release;
		};
		80BF630D25D50FAC00880EBD /* Build configuration list for PBXNativeTarget "EssentialFeediOSTests" */ = {
			isa = XCConfigurationList;
			buildConfigurations = (
				80BF630E25D50FAC00880EBD /* Debug */,
				80BF630F25D50FAC00880EBD /* Release */,
			);
			defaultConfigurationIsVisible = 0;
			defaultConfigurationName = Release;
		};
/* End XCConfigurationList section */

/* Begin XCVersionGroup section */
		801265E025C7F05A00FD8DDB /* FeedStore.xcdatamodeld */ = {
			isa = XCVersionGroup;
			children = (
				801265E125C7F05A00FD8DDB /* FeedStore.xcdatamodel */,
			);
			currentVersion = 801265E125C7F05A00FD8DDB /* FeedStore.xcdatamodel */;
			path = FeedStore.xcdatamodeld;
			sourceTree = "<group>";
			versionGroupType = wrapper.xcdatamodel;
		};
/* End XCVersionGroup section */
	};
	rootObject = 434E309725963BE80091BC63 /* Project object */;
}
