// !$*UTF8*$!
{
	archiveVersion = 1;
	classes = {
	};
	objectVersion = 50;
	objects = {

/* Begin PBXBuildFile section */
		801DD42925EF48CB00C501DE /* FeedLoaderCacheDecoratorTests.swift in Sources */ = {isa = PBXBuildFile; fileRef = 801DD42825EF48CB00C501DE /* FeedLoaderCacheDecoratorTests.swift */; };
		801DD42C25EF498000C501DE /* FeedLoaderStub.swift in Sources */ = {isa = PBXBuildFile; fileRef = 801DD42B25EF498000C501DE /* FeedLoaderStub.swift */; };
		806D936E25EAA06600F96000 /* AppDelegate.swift in Sources */ = {isa = PBXBuildFile; fileRef = 806D936D25EAA06600F96000 /* AppDelegate.swift */; };
		806D937025EAA06600F96000 /* SceneDelegate.swift in Sources */ = {isa = PBXBuildFile; fileRef = 806D936F25EAA06600F96000 /* SceneDelegate.swift */; };
		806D937525EAA06600F96000 /* Main.storyboard in Resources */ = {isa = PBXBuildFile; fileRef = 806D937325EAA06600F96000 /* Main.storyboard */; };
		806D937725EAA06700F96000 /* Assets.xcassets in Resources */ = {isa = PBXBuildFile; fileRef = 806D937625EAA06700F96000 /* Assets.xcassets */; };
		806D937A25EAA06700F96000 /* LaunchScreen.storyboard in Resources */ = {isa = PBXBuildFile; fileRef = 806D937825EAA06700F96000 /* LaunchScreen.storyboard */; };
		80A9AB0F25EAA1C900E0AF71 /* EssentialFeed.framework in Frameworks */ = {isa = PBXBuildFile; fileRef = 80A9AB0D25EAA1C900E0AF71 /* EssentialFeed.framework */; };
		80A9AB1025EAA1C900E0AF71 /* EssentialFeed.framework in Embed Frameworks */ = {isa = PBXBuildFile; fileRef = 80A9AB0D25EAA1C900E0AF71 /* EssentialFeed.framework */; settings = {ATTRIBUTES = (CodeSignOnCopy, RemoveHeadersOnCopy, ); }; };
		80A9AB1125EAA1C900E0AF71 /* EssentialFeediOS.framework in Frameworks */ = {isa = PBXBuildFile; fileRef = 80A9AB0E25EAA1C900E0AF71 /* EssentialFeediOS.framework */; };
		80A9AB1225EAA1C900E0AF71 /* EssentialFeediOS.framework in Embed Frameworks */ = {isa = PBXBuildFile; fileRef = 80A9AB0E25EAA1C900E0AF71 /* EssentialFeediOS.framework */; settings = {ATTRIBUTES = (CodeSignOnCopy, RemoveHeadersOnCopy, ); }; };
		80B47F1925EB6612005A0548 /* FeedLoaderWithFallbackCompositeTests.swift in Sources */ = {isa = PBXBuildFile; fileRef = 80B47F1825EB6612005A0548 /* FeedLoaderWithFallbackCompositeTests.swift */; };
		80CFA1BF25EB6E20009660F5 /* FeedLoaderWithFallbackComposite.swift in Sources */ = {isa = PBXBuildFile; fileRef = 80CFA1BE25EB6E20009660F5 /* FeedLoaderWithFallbackComposite.swift */; };
		80CFA1C325EB6E7F009660F5 /* FeedImageDataLoaderWithFallbackCompositeTests.swift in Sources */ = {isa = PBXBuildFile; fileRef = 80CFA1C225EB6E7F009660F5 /* FeedImageDataLoaderWithFallbackCompositeTests.swift */; };
		80CFA1C725EB70B2009660F5 /* FeedImageDataLoaderWithFallbackComposite.swift in Sources */ = {isa = PBXBuildFile; fileRef = 80CFA1C625EB70B2009660F5 /* FeedImageDataLoaderWithFallbackComposite.swift */; };
		80CFA1CC25EB7112009660F5 /* XCTestCase+MemoryLeakTracking.swift in Sources */ = {isa = PBXBuildFile; fileRef = 80CFA1CB25EB7112009660F5 /* XCTestCase+MemoryLeakTracking.swift */; };
		80CFA1D025EB7147009660F5 /* SharedTestHelpers.swift in Sources */ = {isa = PBXBuildFile; fileRef = 80CFA1CF25EB7147009660F5 /* SharedTestHelpers.swift */; };
/* End PBXBuildFile section */

/* Begin PBXContainerItemProxy section */
		806D938125EAA06700F96000 /* PBXContainerItemProxy */ = {
			isa = PBXContainerItemProxy;
			containerPortal = 806D936225EAA06600F96000 /* Project object */;
			proxyType = 1;
			remoteGlobalIDString = 806D936925EAA06600F96000;
			remoteInfo = EssentialApp;
		};
/* End PBXContainerItemProxy section */

/* Begin PBXCopyFilesBuildPhase section */
		80A9AB1325EAA1CA00E0AF71 /* Embed Frameworks */ = {
			isa = PBXCopyFilesBuildPhase;
			buildActionMask = 2147483647;
			dstPath = "";
			dstSubfolderSpec = 10;
			files = (
				80A9AB1025EAA1C900E0AF71 /* EssentialFeed.framework in Embed Frameworks */,
				80A9AB1225EAA1C900E0AF71 /* EssentialFeediOS.framework in Embed Frameworks */,
			);
			name = "Embed Frameworks";
			runOnlyForDeploymentPostprocessing = 0;
		};
/* End PBXCopyFilesBuildPhase section */

/* Begin PBXFileReference section */
		801DD42825EF48CB00C501DE /* FeedLoaderCacheDecoratorTests.swift */ = {isa = PBXFileReference; lastKnownFileType = sourcecode.swift; path = FeedLoaderCacheDecoratorTests.swift; sourceTree = "<group>"; };
		801DD42B25EF498000C501DE /* FeedLoaderStub.swift */ = {isa = PBXFileReference; lastKnownFileType = sourcecode.swift; path = FeedLoaderStub.swift; sourceTree = "<group>"; };
		806D936A25EAA06600F96000 /* EssentialApp.app */ = {isa = PBXFileReference; explicitFileType = wrapper.application; includeInIndex = 0; path = EssentialApp.app; sourceTree = BUILT_PRODUCTS_DIR; };
		806D936D25EAA06600F96000 /* AppDelegate.swift */ = {isa = PBXFileReference; lastKnownFileType = sourcecode.swift; path = AppDelegate.swift; sourceTree = "<group>"; };
		806D936F25EAA06600F96000 /* SceneDelegate.swift */ = {isa = PBXFileReference; lastKnownFileType = sourcecode.swift; path = SceneDelegate.swift; sourceTree = "<group>"; };
		806D937425EAA06600F96000 /* Base */ = {isa = PBXFileReference; lastKnownFileType = file.storyboard; name = Base; path = Base.lproj/Main.storyboard; sourceTree = "<group>"; };
		806D937625EAA06700F96000 /* Assets.xcassets */ = {isa = PBXFileReference; lastKnownFileType = folder.assetcatalog; path = Assets.xcassets; sourceTree = "<group>"; };
		806D937925EAA06700F96000 /* Base */ = {isa = PBXFileReference; lastKnownFileType = file.storyboard; name = Base; path = Base.lproj/LaunchScreen.storyboard; sourceTree = "<group>"; };
		806D937B25EAA06700F96000 /* Info.plist */ = {isa = PBXFileReference; lastKnownFileType = text.plist.xml; path = Info.plist; sourceTree = "<group>"; };
		806D938025EAA06700F96000 /* EssentialAppTests.xctest */ = {isa = PBXFileReference; explicitFileType = wrapper.cfbundle; includeInIndex = 0; path = EssentialAppTests.xctest; sourceTree = BUILT_PRODUCTS_DIR; };
		806D938625EAA06700F96000 /* Info.plist */ = {isa = PBXFileReference; lastKnownFileType = text.plist.xml; path = Info.plist; sourceTree = "<group>"; };
		80A9AB0D25EAA1C900E0AF71 /* EssentialFeed.framework */ = {isa = PBXFileReference; explicitFileType = wrapper.framework; path = EssentialFeed.framework; sourceTree = BUILT_PRODUCTS_DIR; };
		80A9AB0E25EAA1C900E0AF71 /* EssentialFeediOS.framework */ = {isa = PBXFileReference; explicitFileType = wrapper.framework; path = EssentialFeediOS.framework; sourceTree = BUILT_PRODUCTS_DIR; };
		80B47F1825EB6612005A0548 /* FeedLoaderWithFallbackCompositeTests.swift */ = {isa = PBXFileReference; lastKnownFileType = sourcecode.swift; path = FeedLoaderWithFallbackCompositeTests.swift; sourceTree = "<group>"; };
		80CFA1BE25EB6E20009660F5 /* FeedLoaderWithFallbackComposite.swift */ = {isa = PBXFileReference; lastKnownFileType = sourcecode.swift; path = FeedLoaderWithFallbackComposite.swift; sourceTree = "<group>"; };
		80CFA1C225EB6E7F009660F5 /* FeedImageDataLoaderWithFallbackCompositeTests.swift */ = {isa = PBXFileReference; lastKnownFileType = sourcecode.swift; path = FeedImageDataLoaderWithFallbackCompositeTests.swift; sourceTree = "<group>"; };
		80CFA1C625EB70B2009660F5 /* FeedImageDataLoaderWithFallbackComposite.swift */ = {isa = PBXFileReference; lastKnownFileType = sourcecode.swift; path = FeedImageDataLoaderWithFallbackComposite.swift; sourceTree = "<group>"; };
		80CFA1CB25EB7112009660F5 /* XCTestCase+MemoryLeakTracking.swift */ = {isa = PBXFileReference; lastKnownFileType = sourcecode.swift; path = "XCTestCase+MemoryLeakTracking.swift"; sourceTree = "<group>"; };
		80CFA1CF25EB7147009660F5 /* SharedTestHelpers.swift */ = {isa = PBXFileReference; lastKnownFileType = sourcecode.swift; path = SharedTestHelpers.swift; sourceTree = "<group>"; };
/* End PBXFileReference section */

/* Begin PBXFrameworksBuildPhase section */
		806D936725EAA06600F96000 /* Frameworks */ = {
			isa = PBXFrameworksBuildPhase;
			buildActionMask = 2147483647;
			files = (
				80A9AB0F25EAA1C900E0AF71 /* EssentialFeed.framework in Frameworks */,
				80A9AB1125EAA1C900E0AF71 /* EssentialFeediOS.framework in Frameworks */,
			);
			runOnlyForDeploymentPostprocessing = 0;
		};
		806D937D25EAA06700F96000 /* Frameworks */ = {
			isa = PBXFrameworksBuildPhase;
			buildActionMask = 2147483647;
			files = (
			);
			runOnlyForDeploymentPostprocessing = 0;
		};
/* End PBXFrameworksBuildPhase section */

/* Begin PBXGroup section */
		806D936125EAA06600F96000 = {
			isa = PBXGroup;
			children = (
				806D936C25EAA06600F96000 /* EssentialApp */,
				806D938325EAA06700F96000 /* EssentialAppTests */,
				806D936B25EAA06600F96000 /* Products */,
				80A9AB0C25EAA1C900E0AF71 /* Frameworks */,
			);
			sourceTree = "<group>";
		};
		806D936B25EAA06600F96000 /* Products */ = {
			isa = PBXGroup;
			children = (
				806D936A25EAA06600F96000 /* EssentialApp.app */,
				806D938025EAA06700F96000 /* EssentialAppTests.xctest */,
			);
			name = Products;
			sourceTree = "<group>";
		};
		806D936C25EAA06600F96000 /* EssentialApp */ = {
			isa = PBXGroup;
			children = (
				806D936D25EAA06600F96000 /* AppDelegate.swift */,
				806D936F25EAA06600F96000 /* SceneDelegate.swift */,
				80CFA1C625EB70B2009660F5 /* FeedImageDataLoaderWithFallbackComposite.swift */,
				80CFA1BE25EB6E20009660F5 /* FeedLoaderWithFallbackComposite.swift */,
				806D937325EAA06600F96000 /* Main.storyboard */,
				806D937625EAA06700F96000 /* Assets.xcassets */,
				806D937825EAA06700F96000 /* LaunchScreen.storyboard */,
				806D937B25EAA06700F96000 /* Info.plist */,
			);
			path = EssentialApp;
			sourceTree = "<group>";
		};
		806D938325EAA06700F96000 /* EssentialAppTests */ = {
			isa = PBXGroup;
			children = (
				80CFA1CA25EB7106009660F5 /* Helpers */,
				806D938625EAA06700F96000 /* Info.plist */,
				80CFA1C225EB6E7F009660F5 /* FeedImageDataLoaderWithFallbackCompositeTests.swift */,
				80B47F1825EB6612005A0548 /* FeedLoaderWithFallbackCompositeTests.swift */,
				801DD42825EF48CB00C501DE /* FeedLoaderCacheDecoratorTests.swift */,
			);
			path = EssentialAppTests;
			sourceTree = "<group>";
		};
		80A9AB0C25EAA1C900E0AF71 /* Frameworks */ = {
			isa = PBXGroup;
			children = (
				80A9AB0D25EAA1C900E0AF71 /* EssentialFeed.framework */,
				80A9AB0E25EAA1C900E0AF71 /* EssentialFeediOS.framework */,
			);
			name = Frameworks;
			sourceTree = "<group>";
		};
		80CFA1CA25EB7106009660F5 /* Helpers */ = {
			isa = PBXGroup;
			children = (
				80CFA1CF25EB7147009660F5 /* SharedTestHelpers.swift */,
				80CFA1CB25EB7112009660F5 /* XCTestCase+MemoryLeakTracking.swift */,
				801DD42B25EF498000C501DE /* FeedLoaderStub.swift */,
			);
			path = Helpers;
			sourceTree = "<group>";
		};
/* End PBXGroup section */

/* Begin PBXNativeTarget section */
		806D936925EAA06600F96000 /* EssentialApp */ = {
			isa = PBXNativeTarget;
			buildConfigurationList = 806D939425EAA06700F96000 /* Build configuration list for PBXNativeTarget "EssentialApp" */;
			buildPhases = (
				806D936625EAA06600F96000 /* Sources */,
				806D936725EAA06600F96000 /* Frameworks */,
				806D936825EAA06600F96000 /* Resources */,
				80A9AB1325EAA1CA00E0AF71 /* Embed Frameworks */,
			);
			buildRules = (
			);
			dependencies = (
			);
			name = EssentialApp;
			productName = EssentialApp;
			productReference = 806D936A25EAA06600F96000 /* EssentialApp.app */;
			productType = "com.apple.product-type.application";
		};
		806D937F25EAA06700F96000 /* EssentialAppTests */ = {
			isa = PBXNativeTarget;
			buildConfigurationList = 806D939725EAA06700F96000 /* Build configuration list for PBXNativeTarget "EssentialAppTests" */;
			buildPhases = (
				806D937C25EAA06700F96000 /* Sources */,
				806D937D25EAA06700F96000 /* Frameworks */,
				806D937E25EAA06700F96000 /* Resources */,
			);
			buildRules = (
			);
			dependencies = (
				806D938225EAA06700F96000 /* PBXTargetDependency */,
			);
			name = EssentialAppTests;
			productName = EssentialAppTests;
			productReference = 806D938025EAA06700F96000 /* EssentialAppTests.xctest */;
			productType = "com.apple.product-type.bundle.unit-test";
		};
/* End PBXNativeTarget section */

/* Begin PBXProject section */
		806D936225EAA06600F96000 /* Project object */ = {
			isa = PBXProject;
			attributes = {
				LastSwiftUpdateCheck = 1230;
				LastUpgradeCheck = 1230;
				TargetAttributes = {
					806D936925EAA06600F96000 = {
						CreatedOnToolsVersion = 12.3;
					};
					806D937F25EAA06700F96000 = {
						CreatedOnToolsVersion = 12.3;
						LastSwiftMigration = 1230;
						TestTargetID = 806D936925EAA06600F96000;
					};
				};
			};
			buildConfigurationList = 806D936525EAA06600F96000 /* Build configuration list for PBXProject "EssentialApp" */;
			compatibilityVersion = "Xcode 9.3";
			developmentRegion = en;
			hasScannedForEncodings = 0;
			knownRegions = (
				en,
				Base,
			);
			mainGroup = 806D936125EAA06600F96000;
			productRefGroup = 806D936B25EAA06600F96000 /* Products */;
			projectDirPath = "";
			projectRoot = "";
			targets = (
				806D936925EAA06600F96000 /* EssentialApp */,
				806D937F25EAA06700F96000 /* EssentialAppTests */,
			);
		};
/* End PBXProject section */

/* Begin PBXResourcesBuildPhase section */
		806D936825EAA06600F96000 /* Resources */ = {
			isa = PBXResourcesBuildPhase;
			buildActionMask = 2147483647;
			files = (
				806D937A25EAA06700F96000 /* LaunchScreen.storyboard in Resources */,
				806D937725EAA06700F96000 /* Assets.xcassets in Resources */,
				806D937525EAA06600F96000 /* Main.storyboard in Resources */,
			);
			runOnlyForDeploymentPostprocessing = 0;
		};
		806D937E25EAA06700F96000 /* Resources */ = {
			isa = PBXResourcesBuildPhase;
			buildActionMask = 2147483647;
			files = (
			);
			runOnlyForDeploymentPostprocessing = 0;
		};
/* End PBXResourcesBuildPhase section */

/* Begin PBXSourcesBuildPhase section */
		806D936625EAA06600F96000 /* Sources */ = {
			isa = PBXSourcesBuildPhase;
			buildActionMask = 2147483647;
			files = (
				80CFA1C725EB70B2009660F5 /* FeedImageDataLoaderWithFallbackComposite.swift in Sources */,
				806D936E25EAA06600F96000 /* AppDelegate.swift in Sources */,
				80CFA1BF25EB6E20009660F5 /* FeedLoaderWithFallbackComposite.swift in Sources */,
				806D937025EAA06600F96000 /* SceneDelegate.swift in Sources */,
			);
			runOnlyForDeploymentPostprocessing = 0;
		};
		806D937C25EAA06700F96000 /* Sources */ = {
			isa = PBXSourcesBuildPhase;
			buildActionMask = 2147483647;
			files = (
				80CFA1D025EB7147009660F5 /* SharedTestHelpers.swift in Sources */,
				801DD42925EF48CB00C501DE /* FeedLoaderCacheDecoratorTests.swift in Sources */,
				80CFA1C325EB6E7F009660F5 /* FeedImageDataLoaderWithFallbackCompositeTests.swift in Sources */,
				80B47F1925EB6612005A0548 /* FeedLoaderWithFallbackCompositeTests.swift in Sources */,
				801DD42C25EF498000C501DE /* FeedLoaderStub.swift in Sources */,
				80CFA1CC25EB7112009660F5 /* XCTestCase+MemoryLeakTracking.swift in Sources */,
			);
			runOnlyForDeploymentPostprocessing = 0;
		};
/* End PBXSourcesBuildPhase section */

/* Begin PBXTargetDependency section */
		806D938225EAA06700F96000 /* PBXTargetDependency */ = {
			isa = PBXTargetDependency;
			target = 806D936925EAA06600F96000 /* EssentialApp */;
			targetProxy = 806D938125EAA06700F96000 /* PBXContainerItemProxy */;
		};
/* End PBXTargetDependency section */

/* Begin PBXVariantGroup section */
		806D937325EAA06600F96000 /* Main.storyboard */ = {
			isa = PBXVariantGroup;
			children = (
				806D937425EAA06600F96000 /* Base */,
			);
			name = Main.storyboard;
			sourceTree = "<group>";
		};
		806D937825EAA06700F96000 /* LaunchScreen.storyboard */ = {
			isa = PBXVariantGroup;
			children = (
				806D937925EAA06700F96000 /* Base */,
			);
			name = LaunchScreen.storyboard;
			sourceTree = "<group>";
		};
/* End PBXVariantGroup section */

/* Begin XCBuildConfiguration section */
		806D939225EAA06700F96000 /* Debug */ = {
			isa = XCBuildConfiguration;
			buildSettings = {
				ALWAYS_SEARCH_USER_PATHS = NO;
				CLANG_ANALYZER_NONNULL = YES;
				CLANG_ANALYZER_NUMBER_OBJECT_CONVERSION = YES_AGGRESSIVE;
				CLANG_CXX_LANGUAGE_STANDARD = "gnu++14";
				CLANG_CXX_LIBRARY = "libc++";
				CLANG_ENABLE_MODULES = YES;
				CLANG_ENABLE_OBJC_ARC = YES;
				CLANG_ENABLE_OBJC_WEAK = YES;
				CLANG_WARN_BLOCK_CAPTURE_AUTORELEASING = YES;
				CLANG_WARN_BOOL_CONVERSION = YES;
				CLANG_WARN_COMMA = YES;
				CLANG_WARN_CONSTANT_CONVERSION = YES;
				CLANG_WARN_DEPRECATED_OBJC_IMPLEMENTATIONS = YES;
				CLANG_WARN_DIRECT_OBJC_ISA_USAGE = YES_ERROR;
				CLANG_WARN_DOCUMENTATION_COMMENTS = YES;
				CLANG_WARN_EMPTY_BODY = YES;
				CLANG_WARN_ENUM_CONVERSION = YES;
				CLANG_WARN_INFINITE_RECURSION = YES;
				CLANG_WARN_INT_CONVERSION = YES;
				CLANG_WARN_NON_LITERAL_NULL_CONVERSION = YES;
				CLANG_WARN_OBJC_IMPLICIT_RETAIN_SELF = YES;
				CLANG_WARN_OBJC_LITERAL_CONVERSION = YES;
				CLANG_WARN_OBJC_ROOT_CLASS = YES_ERROR;
				CLANG_WARN_QUOTED_INCLUDE_IN_FRAMEWORK_HEADER = YES;
				CLANG_WARN_RANGE_LOOP_ANALYSIS = YES;
				CLANG_WARN_STRICT_PROTOTYPES = YES;
				CLANG_WARN_SUSPICIOUS_MOVE = YES;
				CLANG_WARN_UNGUARDED_AVAILABILITY = YES_AGGRESSIVE;
				CLANG_WARN_UNREACHABLE_CODE = YES;
				CLANG_WARN__DUPLICATE_METHOD_MATCH = YES;
				COPY_PHASE_STRIP = NO;
				DEBUG_INFORMATION_FORMAT = dwarf;
				ENABLE_STRICT_OBJC_MSGSEND = YES;
				ENABLE_TESTABILITY = YES;
				GCC_C_LANGUAGE_STANDARD = gnu11;
				GCC_DYNAMIC_NO_PIC = NO;
				GCC_NO_COMMON_BLOCKS = YES;
				GCC_OPTIMIZATION_LEVEL = 0;
				GCC_PREPROCESSOR_DEFINITIONS = (
					"DEBUG=1",
					"$(inherited)",
				);
				GCC_WARN_64_TO_32_BIT_CONVERSION = YES;
				GCC_WARN_ABOUT_RETURN_TYPE = YES_ERROR;
				GCC_WARN_UNDECLARED_SELECTOR = YES;
				GCC_WARN_UNINITIALIZED_AUTOS = YES_AGGRESSIVE;
				GCC_WARN_UNUSED_FUNCTION = YES;
				GCC_WARN_UNUSED_VARIABLE = YES;
				IPHONEOS_DEPLOYMENT_TARGET = 14.3;
				MTL_ENABLE_DEBUG_INFO = INCLUDE_SOURCE;
				MTL_FAST_MATH = YES;
				ONLY_ACTIVE_ARCH = YES;
				SDKROOT = iphoneos;
				SWIFT_ACTIVE_COMPILATION_CONDITIONS = DEBUG;
				SWIFT_OPTIMIZATION_LEVEL = "-Onone";
			};
			name = Debug;
		};
		806D939325EAA06700F96000 /* Release */ = {
			isa = XCBuildConfiguration;
			buildSettings = {
				ALWAYS_SEARCH_USER_PATHS = NO;
				CLANG_ANALYZER_NONNULL = YES;
				CLANG_ANALYZER_NUMBER_OBJECT_CONVERSION = YES_AGGRESSIVE;
				CLANG_CXX_LANGUAGE_STANDARD = "gnu++14";
				CLANG_CXX_LIBRARY = "libc++";
				CLANG_ENABLE_MODULES = YES;
				CLANG_ENABLE_OBJC_ARC = YES;
				CLANG_ENABLE_OBJC_WEAK = YES;
				CLANG_WARN_BLOCK_CAPTURE_AUTORELEASING = YES;
				CLANG_WARN_BOOL_CONVERSION = YES;
				CLANG_WARN_COMMA = YES;
				CLANG_WARN_CONSTANT_CONVERSION = YES;
				CLANG_WARN_DEPRECATED_OBJC_IMPLEMENTATIONS = YES;
				CLANG_WARN_DIRECT_OBJC_ISA_USAGE = YES_ERROR;
				CLANG_WARN_DOCUMENTATION_COMMENTS = YES;
				CLANG_WARN_EMPTY_BODY = YES;
				CLANG_WARN_ENUM_CONVERSION = YES;
				CLANG_WARN_INFINITE_RECURSION = YES;
				CLANG_WARN_INT_CONVERSION = YES;
				CLANG_WARN_NON_LITERAL_NULL_CONVERSION = YES;
				CLANG_WARN_OBJC_IMPLICIT_RETAIN_SELF = YES;
				CLANG_WARN_OBJC_LITERAL_CONVERSION = YES;
				CLANG_WARN_OBJC_ROOT_CLASS = YES_ERROR;
				CLANG_WARN_QUOTED_INCLUDE_IN_FRAMEWORK_HEADER = YES;
				CLANG_WARN_RANGE_LOOP_ANALYSIS = YES;
				CLANG_WARN_STRICT_PROTOTYPES = YES;
				CLANG_WARN_SUSPICIOUS_MOVE = YES;
				CLANG_WARN_UNGUARDED_AVAILABILITY = YES_AGGRESSIVE;
				CLANG_WARN_UNREACHABLE_CODE = YES;
				CLANG_WARN__DUPLICATE_METHOD_MATCH = YES;
				COPY_PHASE_STRIP = NO;
				DEBUG_INFORMATION_FORMAT = "dwarf-with-dsym";
				ENABLE_NS_ASSERTIONS = NO;
				ENABLE_STRICT_OBJC_MSGSEND = YES;
				GCC_C_LANGUAGE_STANDARD = gnu11;
				GCC_NO_COMMON_BLOCKS = YES;
				GCC_WARN_64_TO_32_BIT_CONVERSION = YES;
				GCC_WARN_ABOUT_RETURN_TYPE = YES_ERROR;
				GCC_WARN_UNDECLARED_SELECTOR = YES;
				GCC_WARN_UNINITIALIZED_AUTOS = YES_AGGRESSIVE;
				GCC_WARN_UNUSED_FUNCTION = YES;
				GCC_WARN_UNUSED_VARIABLE = YES;
				IPHONEOS_DEPLOYMENT_TARGET = 14.3;
				MTL_ENABLE_DEBUG_INFO = NO;
				MTL_FAST_MATH = YES;
				SDKROOT = iphoneos;
				SWIFT_COMPILATION_MODE = wholemodule;
				SWIFT_OPTIMIZATION_LEVEL = "-O";
				VALIDATE_PRODUCT = YES;
			};
			name = Release;
		};
		806D939525EAA06700F96000 /* Debug */ = {
			isa = XCBuildConfiguration;
			buildSettings = {
				ASSETCATALOG_COMPILER_APPICON_NAME = AppIcon;
				ASSETCATALOG_COMPILER_GLOBAL_ACCENT_COLOR_NAME = AccentColor;
				CODE_SIGN_STYLE = Automatic;
				INFOPLIST_FILE = EssentialApp/Info.plist;
				LD_RUNPATH_SEARCH_PATHS = (
					"$(inherited)",
					"@executable_path/Frameworks",
				);
				PRODUCT_BUNDLE_IDENTIFIER = com.bp.EssentialApp;
				PRODUCT_NAME = "$(TARGET_NAME)";
				SWIFT_VERSION = 5.0;
				TARGETED_DEVICE_FAMILY = "1,2";
			};
			name = Debug;
		};
		806D939625EAA06700F96000 /* Release */ = {
			isa = XCBuildConfiguration;
			buildSettings = {
				ASSETCATALOG_COMPILER_APPICON_NAME = AppIcon;
				ASSETCATALOG_COMPILER_GLOBAL_ACCENT_COLOR_NAME = AccentColor;
				CODE_SIGN_STYLE = Automatic;
				INFOPLIST_FILE = EssentialApp/Info.plist;
				LD_RUNPATH_SEARCH_PATHS = (
					"$(inherited)",
					"@executable_path/Frameworks",
				);
				PRODUCT_BUNDLE_IDENTIFIER = com.bp.EssentialApp;
				PRODUCT_NAME = "$(TARGET_NAME)";
				SWIFT_VERSION = 5.0;
				TARGETED_DEVICE_FAMILY = "1,2";
			};
			name = Release;
		};
		806D939825EAA06700F96000 /* Debug */ = {
			isa = XCBuildConfiguration;
			buildSettings = {
				ALWAYS_EMBED_SWIFT_STANDARD_LIBRARIES = YES;
				BUNDLE_LOADER = "$(TEST_HOST)";
				CLANG_ENABLE_MODULES = YES;
				CODE_SIGN_STYLE = Automatic;
				INFOPLIST_FILE = EssentialAppTests/Info.plist;
				IPHONEOS_DEPLOYMENT_TARGET = 14.3;
				LD_RUNPATH_SEARCH_PATHS = (
					"$(inherited)",
					"@executable_path/Frameworks",
					"@loader_path/Frameworks",
				);
				PRODUCT_BUNDLE_IDENTIFIER = com.bp.EssentialAppTests;
				PRODUCT_NAME = "$(TARGET_NAME)";
				SWIFT_OPTIMIZATION_LEVEL = "-Onone";
				SWIFT_VERSION = 5.0;
				TARGETED_DEVICE_FAMILY = "1,2";
				TEST_HOST = "$(BUILT_PRODUCTS_DIR)/EssentialApp.app/EssentialApp";
			};
			name = Debug;
		};
		806D939925EAA06700F96000 /* Release */ = {
			isa = XCBuildConfiguration;
			buildSettings = {
				ALWAYS_EMBED_SWIFT_STANDARD_LIBRARIES = YES;
				BUNDLE_LOADER = "$(TEST_HOST)";
				CLANG_ENABLE_MODULES = YES;
				CODE_SIGN_STYLE = Automatic;
				INFOPLIST_FILE = EssentialAppTests/Info.plist;
				IPHONEOS_DEPLOYMENT_TARGET = 14.3;
				LD_RUNPATH_SEARCH_PATHS = (
					"$(inherited)",
					"@executable_path/Frameworks",
					"@loader_path/Frameworks",
				);
				PRODUCT_BUNDLE_IDENTIFIER = com.bp.EssentialAppTests;
				PRODUCT_NAME = "$(TARGET_NAME)";
				SWIFT_VERSION = 5.0;
				TARGETED_DEVICE_FAMILY = "1,2";
				TEST_HOST = "$(BUILT_PRODUCTS_DIR)/EssentialApp.app/EssentialApp";
			};
			name = Release;
		};
/* End XCBuildConfiguration section */

/* Begin XCConfigurationList section */
		806D936525EAA06600F96000 /* Build configuration list for PBXProject "EssentialApp" */ = {
			isa = XCConfigurationList;
			buildConfigurations = (
				806D939225EAA06700F96000 /* Debug */,
				806D939325EAA06700F96000 /* Release */,
			);
			defaultConfigurationIsVisible = 0;
			defaultConfigurationName = Release;
		};
		806D939425EAA06700F96000 /* Build configuration list for PBXNativeTarget "EssentialApp" */ = {
			isa = XCConfigurationList;
			buildConfigurations = (
				806D939525EAA06700F96000 /* Debug */,
				806D939625EAA06700F96000 /* Release */,
			);
			defaultConfigurationIsVisible = 0;
			defaultConfigurationName = Release;
		};
		806D939725EAA06700F96000 /* Build configuration list for PBXNativeTarget "EssentialAppTests" */ = {
			isa = XCConfigurationList;
			buildConfigurations = (
				806D939825EAA06700F96000 /* Debug */,
				806D939925EAA06700F96000 /* Release */,
			);
			defaultConfigurationIsVisible = 0;
			defaultConfigurationName = Release;
		};
/* End XCConfigurationList section */
	};
	rootObject = 806D936225EAA06600F96000 /* Project object */;
}
